// !$*UTF8*$!
{
	archiveVersion = 1;
	classes = {
	};
	objectVersion = 56;
	objects = {

/* Begin PBXBuildFile section */
		9C97556B29FADB350051EF1F /* RewardInfoViewController.swift in Sources */ = {isa = PBXBuildFile; fileRef = 9C97556A29FADB350051EF1F /* RewardInfoViewController.swift */; };
		9C97556C29FADB350051EF1F /* RewardInfoViewController.swift in Sources */ = {isa = PBXBuildFile; fileRef = 9C97556A29FADB350051EF1F /* RewardInfoViewController.swift */; };
		9C97556E29FADB440051EF1F /* RedeemViewController.swift in Sources */ = {isa = PBXBuildFile; fileRef = 9C97556D29FADB440051EF1F /* RedeemViewController.swift */; };
		9C97556F29FADB440051EF1F /* RedeemViewController.swift in Sources */ = {isa = PBXBuildFile; fileRef = 9C97556D29FADB440051EF1F /* RedeemViewController.swift */; };
		9C97557129FADB5A0051EF1F /* RewardBarCodeViewController.swift in Sources */ = {isa = PBXBuildFile; fileRef = 9C97557029FADB5A0051EF1F /* RewardBarCodeViewController.swift */; };
		9C97557229FADB5A0051EF1F /* RewardBarCodeViewController.swift in Sources */ = {isa = PBXBuildFile; fileRef = 9C97557029FADB5A0051EF1F /* RewardBarCodeViewController.swift */; };
		9C97557529FADBDC0051EF1F /* UIColor+Extension.swift in Sources */ = {isa = PBXBuildFile; fileRef = 9C97557429FADBDC0051EF1F /* UIColor+Extension.swift */; };
		9C97557629FADBDC0051EF1F /* UIColor+Extension.swift in Sources */ = {isa = PBXBuildFile; fileRef = 9C97557429FADBDC0051EF1F /* UIColor+Extension.swift */; };
		9C97557829FAE4990051EF1F /* RewardListViewController.swift in Sources */ = {isa = PBXBuildFile; fileRef = 9C97557729FAE4990051EF1F /* RewardListViewController.swift */; };
		9C97557929FAE4990051EF1F /* RewardListViewController.swift in Sources */ = {isa = PBXBuildFile; fileRef = 9C97557729FAE4990051EF1F /* RewardListViewController.swift */; };
		9CB354F929F972AB00326449 /* GetAppViewController.swift in Sources */ = {isa = PBXBuildFile; fileRef = 9CB354F829F972AB00326449 /* GetAppViewController.swift */; };
		9CB354FA29F9739800326449 /* GetAppViewController.swift in Sources */ = {isa = PBXBuildFile; fileRef = 9CB354F829F972AB00326449 /* GetAppViewController.swift */; };
		9CB354FD29F973DB00326449 /* SnapKit in Frameworks */ = {isa = PBXBuildFile; productRef = 9CB354FC29F973DB00326449 /* SnapKit */; };
		9CB3550429F975B200326449 /* SnapKit in Frameworks */ = {isa = PBXBuildFile; productRef = 9CB3550329F975B200326449 /* SnapKit */; };
		D7394FF529ED8BBD000C4F78 /* AppDelegate.swift in Sources */ = {isa = PBXBuildFile; fileRef = D7394FF429ED8BBD000C4F78 /* AppDelegate.swift */; };
		D7394FF729ED8BBD000C4F78 /* SceneDelegate.swift in Sources */ = {isa = PBXBuildFile; fileRef = D7394FF629ED8BBD000C4F78 /* SceneDelegate.swift */; };
		D7394FF929ED8BBD000C4F78 /* ViewController.swift in Sources */ = {isa = PBXBuildFile; fileRef = D7394FF829ED8BBD000C4F78 /* ViewController.swift */; };
		D7394FFC29ED8BBD000C4F78 /* Main.storyboard in Resources */ = {isa = PBXBuildFile; fileRef = D7394FFA29ED8BBD000C4F78 /* Main.storyboard */; };
		D7394FFE29ED8BC2000C4F78 /* Assets.xcassets in Resources */ = {isa = PBXBuildFile; fileRef = D7394FFD29ED8BC2000C4F78 /* Assets.xcassets */; };
		D739500129ED8BC2000C4F78 /* LaunchScreen.storyboard in Resources */ = {isa = PBXBuildFile; fileRef = D7394FFF29ED8BC2000C4F78 /* LaunchScreen.storyboard */; };
		D739500F29ED8DBD000C4F78 /* AppDelegate.swift in Sources */ = {isa = PBXBuildFile; fileRef = D739500E29ED8DBD000C4F78 /* AppDelegate.swift */; };
		D739501129ED8DBD000C4F78 /* SceneDelegate.swift in Sources */ = {isa = PBXBuildFile; fileRef = D739501029ED8DBD000C4F78 /* SceneDelegate.swift */; };
		D739501329ED8DBD000C4F78 /* ViewController.swift in Sources */ = {isa = PBXBuildFile; fileRef = D739501229ED8DBD000C4F78 /* ViewController.swift */; };
		D739501629ED8DBD000C4F78 /* Main.storyboard in Resources */ = {isa = PBXBuildFile; fileRef = D739501429ED8DBD000C4F78 /* Main.storyboard */; };
		D739501829ED8DBF000C4F78 /* Assets.xcassets in Resources */ = {isa = PBXBuildFile; fileRef = D739501729ED8DBF000C4F78 /* Assets.xcassets */; };
		D739501B29ED8DBF000C4F78 /* LaunchScreen.storyboard in Resources */ = {isa = PBXBuildFile; fileRef = D739501929ED8DBF000C4F78 /* LaunchScreen.storyboard */; };
		D739502029ED8DBF000C4F78 /* LordyalClip.app in Embed App Clips */ = {isa = PBXBuildFile; fileRef = D739500C29ED8DBD000C4F78 /* LordyalClip.app */; settings = {ATTRIBUTES = (RemoveHeadersOnCopy, ); }; };
/* End PBXBuildFile section */

/* Begin PBXContainerItemProxy section */
		D739501E29ED8DBF000C4F78 /* PBXContainerItemProxy */ = {
			isa = PBXContainerItemProxy;
			containerPortal = D7394FE929ED8BBD000C4F78 /* Project object */;
			proxyType = 1;
			remoteGlobalIDString = D739500B29ED8DBD000C4F78;
			remoteInfo = LordyalClip;
		};
/* End PBXContainerItemProxy section */

/* Begin PBXCopyFilesBuildPhase section */
		D739502429ED8DBF000C4F78 /* Embed App Clips */ = {
			isa = PBXCopyFilesBuildPhase;
			buildActionMask = 2147483647;
			dstPath = "$(CONTENTS_FOLDER_PATH)/AppClips";
			dstSubfolderSpec = 16;
			files = (
				D739502029ED8DBF000C4F78 /* LordyalClip.app in Embed App Clips */,
			);
			name = "Embed App Clips";
			runOnlyForDeploymentPostprocessing = 0;
		};
/* End PBXCopyFilesBuildPhase section */

/* Begin PBXFileReference section */
		9C97556A29FADB350051EF1F /* RewardInfoViewController.swift */ = {isa = PBXFileReference; lastKnownFileType = sourcecode.swift; path = RewardInfoViewController.swift; sourceTree = "<group>"; };
		9C97556D29FADB440051EF1F /* RedeemViewController.swift */ = {isa = PBXFileReference; lastKnownFileType = sourcecode.swift; path = RedeemViewController.swift; sourceTree = "<group>"; };
		9C97557029FADB5A0051EF1F /* RewardBarCodeViewController.swift */ = {isa = PBXFileReference; lastKnownFileType = sourcecode.swift; path = RewardBarCodeViewController.swift; sourceTree = "<group>"; };
		9C97557429FADBDC0051EF1F /* UIColor+Extension.swift */ = {isa = PBXFileReference; lastKnownFileType = sourcecode.swift; path = "UIColor+Extension.swift"; sourceTree = "<group>"; };
		9C97557729FAE4990051EF1F /* RewardListViewController.swift */ = {isa = PBXFileReference; lastKnownFileType = sourcecode.swift; path = RewardListViewController.swift; sourceTree = "<group>"; };
		9CB354F829F972AB00326449 /* GetAppViewController.swift */ = {isa = PBXFileReference; lastKnownFileType = sourcecode.swift; path = GetAppViewController.swift; sourceTree = "<group>"; };
		D7394FF129ED8BBD000C4F78 /* Lordyal.app */ = {isa = PBXFileReference; explicitFileType = wrapper.application; includeInIndex = 0; path = Lordyal.app; sourceTree = BUILT_PRODUCTS_DIR; };
		D7394FF429ED8BBD000C4F78 /* AppDelegate.swift */ = {isa = PBXFileReference; lastKnownFileType = sourcecode.swift; path = AppDelegate.swift; sourceTree = "<group>"; };
		D7394FF629ED8BBD000C4F78 /* SceneDelegate.swift */ = {isa = PBXFileReference; lastKnownFileType = sourcecode.swift; path = SceneDelegate.swift; sourceTree = "<group>"; };
		D7394FF829ED8BBD000C4F78 /* ViewController.swift */ = {isa = PBXFileReference; lastKnownFileType = sourcecode.swift; path = ViewController.swift; sourceTree = "<group>"; };
		D7394FFB29ED8BBD000C4F78 /* Base */ = {isa = PBXFileReference; lastKnownFileType = file.storyboard; name = Base; path = Base.lproj/Main.storyboard; sourceTree = "<group>"; };
		D7394FFD29ED8BC2000C4F78 /* Assets.xcassets */ = {isa = PBXFileReference; lastKnownFileType = folder.assetcatalog; path = Assets.xcassets; sourceTree = "<group>"; };
		D739500029ED8BC2000C4F78 /* Base */ = {isa = PBXFileReference; lastKnownFileType = file.storyboard; name = Base; path = Base.lproj/LaunchScreen.storyboard; sourceTree = "<group>"; };
		D739500229ED8BC2000C4F78 /* Info.plist */ = {isa = PBXFileReference; lastKnownFileType = text.plist.xml; path = Info.plist; sourceTree = "<group>"; };
		D739500C29ED8DBD000C4F78 /* LordyalClip.app */ = {isa = PBXFileReference; explicitFileType = wrapper.application; includeInIndex = 0; path = LordyalClip.app; sourceTree = BUILT_PRODUCTS_DIR; };
		D739500E29ED8DBD000C4F78 /* AppDelegate.swift */ = {isa = PBXFileReference; lastKnownFileType = sourcecode.swift; path = AppDelegate.swift; sourceTree = "<group>"; };
		D739501029ED8DBD000C4F78 /* SceneDelegate.swift */ = {isa = PBXFileReference; lastKnownFileType = sourcecode.swift; path = SceneDelegate.swift; sourceTree = "<group>"; };
		D739501229ED8DBD000C4F78 /* ViewController.swift */ = {isa = PBXFileReference; lastKnownFileType = sourcecode.swift; path = ViewController.swift; sourceTree = "<group>"; };
		D739501529ED8DBD000C4F78 /* Base */ = {isa = PBXFileReference; lastKnownFileType = file.storyboard; name = Base; path = Base.lproj/Main.storyboard; sourceTree = "<group>"; };
		D739501729ED8DBF000C4F78 /* Assets.xcassets */ = {isa = PBXFileReference; lastKnownFileType = folder.assetcatalog; path = Assets.xcassets; sourceTree = "<group>"; };
		D739501A29ED8DBF000C4F78 /* Base */ = {isa = PBXFileReference; lastKnownFileType = file.storyboard; name = Base; path = Base.lproj/LaunchScreen.storyboard; sourceTree = "<group>"; };
		D739501C29ED8DBF000C4F78 /* Info.plist */ = {isa = PBXFileReference; lastKnownFileType = text.plist.xml; path = Info.plist; sourceTree = "<group>"; };
		D739501D29ED8DBF000C4F78 /* LordyalClip.entitlements */ = {isa = PBXFileReference; lastKnownFileType = text.plist.entitlements; path = LordyalClip.entitlements; sourceTree = "<group>"; };
/* End PBXFileReference section */

/* Begin PBXFrameworksBuildPhase section */
		D7394FEE29ED8BBD000C4F78 /* Frameworks */ = {
			isa = PBXFrameworksBuildPhase;
			buildActionMask = 2147483647;
			files = (
				9CB354FD29F973DB00326449 /* SnapKit in Frameworks */,
			);
			runOnlyForDeploymentPostprocessing = 0;
		};
		D739500929ED8DBD000C4F78 /* Frameworks */ = {
			isa = PBXFrameworksBuildPhase;
			buildActionMask = 2147483647;
			files = (
				9CB3550429F975B200326449 /* SnapKit in Frameworks */,
			);
			runOnlyForDeploymentPostprocessing = 0;
		};
/* End PBXFrameworksBuildPhase section */

/* Begin PBXGroup section */
		9C97557329FADBCE0051EF1F /* Extensions */ = {
			isa = PBXGroup;
			children = (
				9C97557429FADBDC0051EF1F /* UIColor+Extension.swift */,
			);
			path = Extensions;
			sourceTree = "<group>";
		};
		9CB354F529F96FD500326449 /* Shared */ = {
			isa = PBXGroup;
			children = (
				9C97557329FADBCE0051EF1F /* Extensions */,
				9CB354F729F9729900326449 /* ViewControllers */,
				9CB354F629F96FE600326449 /* Models */,
			);
			path = Shared;
			sourceTree = "<group>";
		};
		9CB354F629F96FE600326449 /* Models */ = {
			isa = PBXGroup;
			children = (
			);
			path = Models;
			sourceTree = "<group>";
		};
		9CB354F729F9729900326449 /* ViewControllers */ = {
			isa = PBXGroup;
			children = (
				9CB354F829F972AB00326449 /* GetAppViewController.swift */,
				9C97556A29FADB350051EF1F /* RewardInfoViewController.swift */,
				9C97556D29FADB440051EF1F /* RedeemViewController.swift */,
				9C97557029FADB5A0051EF1F /* RewardBarCodeViewController.swift */,
				9C97557729FAE4990051EF1F /* RewardListViewController.swift */,
			);
			path = ViewControllers;
			sourceTree = "<group>";
		};
		9CB3550229F975B200326449 /* Frameworks */ = {
			isa = PBXGroup;
			children = (
			);
			name = Frameworks;
			sourceTree = "<group>";
		};
		D7394FE829ED8BBD000C4F78 = {
			isa = PBXGroup;
			children = (
				9CB354F529F96FD500326449 /* Shared */,
				D7394FF329ED8BBD000C4F78 /* Lordyal */,
				D739500D29ED8DBD000C4F78 /* LordyalClip */,
				D7394FF229ED8BBD000C4F78 /* Products */,
				9CB3550229F975B200326449 /* Frameworks */,
			);
			sourceTree = "<group>";
		};
		D7394FF229ED8BBD000C4F78 /* Products */ = {
			isa = PBXGroup;
			children = (
				D7394FF129ED8BBD000C4F78 /* Lordyal.app */,
				D739500C29ED8DBD000C4F78 /* LordyalClip.app */,
			);
			name = Products;
			sourceTree = "<group>";
		};
		D7394FF329ED8BBD000C4F78 /* Lordyal */ = {
			isa = PBXGroup;
			children = (
				D7394FF429ED8BBD000C4F78 /* AppDelegate.swift */,
				D7394FF629ED8BBD000C4F78 /* SceneDelegate.swift */,
				D7394FF829ED8BBD000C4F78 /* ViewController.swift */,
				D7394FFA29ED8BBD000C4F78 /* Main.storyboard */,
				D7394FFD29ED8BC2000C4F78 /* Assets.xcassets */,
				D7394FFF29ED8BC2000C4F78 /* LaunchScreen.storyboard */,
				D739500229ED8BC2000C4F78 /* Info.plist */,
			);
			path = Lordyal;
			sourceTree = "<group>";
		};
		D739500D29ED8DBD000C4F78 /* LordyalClip */ = {
			isa = PBXGroup;
			children = (
				D739500E29ED8DBD000C4F78 /* AppDelegate.swift */,
				D739501029ED8DBD000C4F78 /* SceneDelegate.swift */,
				D739501229ED8DBD000C4F78 /* ViewController.swift */,
				D739501429ED8DBD000C4F78 /* Main.storyboard */,
				D739501729ED8DBF000C4F78 /* Assets.xcassets */,
				D739501929ED8DBF000C4F78 /* LaunchScreen.storyboard */,
				D739501C29ED8DBF000C4F78 /* Info.plist */,
				D739501D29ED8DBF000C4F78 /* LordyalClip.entitlements */,
			);
			path = LordyalClip;
			sourceTree = "<group>";
		};
/* End PBXGroup section */

/* Begin PBXNativeTarget section */
		D7394FF029ED8BBD000C4F78 /* Lordyal */ = {
			isa = PBXNativeTarget;
			buildConfigurationList = D739500529ED8BC2000C4F78 /* Build configuration list for PBXNativeTarget "Lordyal" */;
			buildPhases = (
				D7394FED29ED8BBD000C4F78 /* Sources */,
				D7394FEE29ED8BBD000C4F78 /* Frameworks */,
				D7394FEF29ED8BBD000C4F78 /* Resources */,
				D739502429ED8DBF000C4F78 /* Embed App Clips */,
			);
			buildRules = (
			);
			dependencies = (
				9CB3550129F9741300326449 /* PBXTargetDependency */,
				D739501F29ED8DBF000C4F78 /* PBXTargetDependency */,
			);
			name = Lordyal;
			packageProductDependencies = (
				9CB354FC29F973DB00326449 /* SnapKit */,
			);
			productName = Lordyal;
			productReference = D7394FF129ED8BBD000C4F78 /* Lordyal.app */;
			productType = "com.apple.product-type.application";
		};
		D739500B29ED8DBD000C4F78 /* LordyalClip */ = {
			isa = PBXNativeTarget;
			buildConfigurationList = D739502129ED8DBF000C4F78 /* Build configuration list for PBXNativeTarget "LordyalClip" */;
			buildPhases = (
				D739500829ED8DBD000C4F78 /* Sources */,
				D739500929ED8DBD000C4F78 /* Frameworks */,
				D739500A29ED8DBD000C4F78 /* Resources */,
			);
			buildRules = (
			);
			dependencies = (
				9CB354FF29F9740900326449 /* PBXTargetDependency */,
			);
			name = LordyalClip;
			packageProductDependencies = (
				9CB3550329F975B200326449 /* SnapKit */,
			);
			productName = LordyalClip;
			productReference = D739500C29ED8DBD000C4F78 /* LordyalClip.app */;
			productType = "com.apple.product-type.application.on-demand-install-capable";
		};
/* End PBXNativeTarget section */

/* Begin PBXProject section */
		D7394FE929ED8BBD000C4F78 /* Project object */ = {
			isa = PBXProject;
			attributes = {
				BuildIndependentTargetsInParallel = 1;
				LastSwiftUpdateCheck = 1400;
				LastUpgradeCheck = 1400;
				TargetAttributes = {
					D7394FF029ED8BBD000C4F78 = {
						CreatedOnToolsVersion = 14.0.1;
					};
					D739500B29ED8DBD000C4F78 = {
						CreatedOnToolsVersion = 14.0.1;
					};
				};
			};
			buildConfigurationList = D7394FEC29ED8BBD000C4F78 /* Build configuration list for PBXProject "Lordyal" */;
			compatibilityVersion = "Xcode 14.0";
			developmentRegion = en;
			hasScannedForEncodings = 0;
			knownRegions = (
				en,
				Base,
			);
			mainGroup = D7394FE829ED8BBD000C4F78;
			packageReferences = (
				9CB354FB29F973DB00326449 /* XCRemoteSwiftPackageReference "SnapKit" */,
			);
			productRefGroup = D7394FF229ED8BBD000C4F78 /* Products */;
			projectDirPath = "";
			projectRoot = "";
			targets = (
				D7394FF029ED8BBD000C4F78 /* Lordyal */,
				D739500B29ED8DBD000C4F78 /* LordyalClip */,
			);
		};
/* End PBXProject section */

/* Begin PBXResourcesBuildPhase section */
		D7394FEF29ED8BBD000C4F78 /* Resources */ = {
			isa = PBXResourcesBuildPhase;
			buildActionMask = 2147483647;
			files = (
				D739500129ED8BC2000C4F78 /* LaunchScreen.storyboard in Resources */,
				D7394FFE29ED8BC2000C4F78 /* Assets.xcassets in Resources */,
				D7394FFC29ED8BBD000C4F78 /* Main.storyboard in Resources */,
			);
			runOnlyForDeploymentPostprocessing = 0;
		};
		D739500A29ED8DBD000C4F78 /* Resources */ = {
			isa = PBXResourcesBuildPhase;
			buildActionMask = 2147483647;
			files = (
				D739501B29ED8DBF000C4F78 /* LaunchScreen.storyboard in Resources */,
				D739501829ED8DBF000C4F78 /* Assets.xcassets in Resources */,
				D739501629ED8DBD000C4F78 /* Main.storyboard in Resources */,
			);
			runOnlyForDeploymentPostprocessing = 0;
		};
/* End PBXResourcesBuildPhase section */

/* Begin PBXSourcesBuildPhase section */
		D7394FED29ED8BBD000C4F78 /* Sources */ = {
			isa = PBXSourcesBuildPhase;
			buildActionMask = 2147483647;
			files = (
				9C97556B29FADB350051EF1F /* RewardInfoViewController.swift in Sources */,
				D7394FF929ED8BBD000C4F78 /* ViewController.swift in Sources */,
				9C97557129FADB5A0051EF1F /* RewardBarCodeViewController.swift in Sources */,
				9CB354F929F972AB00326449 /* GetAppViewController.swift in Sources */,
				D7394FF529ED8BBD000C4F78 /* AppDelegate.swift in Sources */,
				9C97556E29FADB440051EF1F /* RedeemViewController.swift in Sources */,
				D7394FF729ED8BBD000C4F78 /* SceneDelegate.swift in Sources */,
				9C97557829FAE4990051EF1F /* RewardListViewController.swift in Sources */,
				9C97557529FADBDC0051EF1F /* UIColor+Extension.swift in Sources */,
			);
			runOnlyForDeploymentPostprocessing = 0;
		};
		D739500829ED8DBD000C4F78 /* Sources */ = {
			isa = PBXSourcesBuildPhase;
			buildActionMask = 2147483647;
			files = (
				9C97556C29FADB350051EF1F /* RewardInfoViewController.swift in Sources */,
				D739501329ED8DBD000C4F78 /* ViewController.swift in Sources */,
				9C97557229FADB5A0051EF1F /* RewardBarCodeViewController.swift in Sources */,
				9CB354FA29F9739800326449 /* GetAppViewController.swift in Sources */,
				D739500F29ED8DBD000C4F78 /* AppDelegate.swift in Sources */,
				9C97556F29FADB440051EF1F /* RedeemViewController.swift in Sources */,
				D739501129ED8DBD000C4F78 /* SceneDelegate.swift in Sources */,
				9C97557929FAE4990051EF1F /* RewardListViewController.swift in Sources */,
				9C97557629FADBDC0051EF1F /* UIColor+Extension.swift in Sources */,
			);
			runOnlyForDeploymentPostprocessing = 0;
		};
/* End PBXSourcesBuildPhase section */

/* Begin PBXTargetDependency section */
		9CB354FF29F9740900326449 /* PBXTargetDependency */ = {
			isa = PBXTargetDependency;
			productRef = 9CB354FE29F9740900326449 /* SnapKit */;
		};
		9CB3550129F9741300326449 /* PBXTargetDependency */ = {
			isa = PBXTargetDependency;
			productRef = 9CB3550029F9741300326449 /* SnapKit */;
		};
		D739501F29ED8DBF000C4F78 /* PBXTargetDependency */ = {
			isa = PBXTargetDependency;
			target = D739500B29ED8DBD000C4F78 /* LordyalClip */;
			targetProxy = D739501E29ED8DBF000C4F78 /* PBXContainerItemProxy */;
		};
/* End PBXTargetDependency section */

/* Begin PBXVariantGroup section */
		D7394FFA29ED8BBD000C4F78 /* Main.storyboard */ = {
			isa = PBXVariantGroup;
			children = (
				D7394FFB29ED8BBD000C4F78 /* Base */,
			);
			name = Main.storyboard;
			sourceTree = "<group>";
		};
		D7394FFF29ED8BC2000C4F78 /* LaunchScreen.storyboard */ = {
			isa = PBXVariantGroup;
			children = (
				D739500029ED8BC2000C4F78 /* Base */,
			);
			name = LaunchScreen.storyboard;
			sourceTree = "<group>";
		};
		D739501429ED8DBD000C4F78 /* Main.storyboard */ = {
			isa = PBXVariantGroup;
			children = (
				D739501529ED8DBD000C4F78 /* Base */,
			);
			name = Main.storyboard;
			sourceTree = "<group>";
		};
		D739501929ED8DBF000C4F78 /* LaunchScreen.storyboard */ = {
			isa = PBXVariantGroup;
			children = (
				D739501A29ED8DBF000C4F78 /* Base */,
			);
			name = LaunchScreen.storyboard;
			sourceTree = "<group>";
		};
/* End PBXVariantGroup section */

/* Begin XCBuildConfiguration section */
		D739500329ED8BC2000C4F78 /* Debug */ = {
			isa = XCBuildConfiguration;
			buildSettings = {
				ALWAYS_SEARCH_USER_PATHS = NO;
				CLANG_ANALYZER_NONNULL = YES;
				CLANG_ANALYZER_NUMBER_OBJECT_CONVERSION = YES_AGGRESSIVE;
				CLANG_CXX_LANGUAGE_STANDARD = "gnu++20";
				CLANG_ENABLE_MODULES = YES;
				CLANG_ENABLE_OBJC_ARC = YES;
				CLANG_ENABLE_OBJC_WEAK = YES;
				CLANG_WARN_BLOCK_CAPTURE_AUTORELEASING = YES;
				CLANG_WARN_BOOL_CONVERSION = YES;
				CLANG_WARN_COMMA = YES;
				CLANG_WARN_CONSTANT_CONVERSION = YES;
				CLANG_WARN_DEPRECATED_OBJC_IMPLEMENTATIONS = YES;
				CLANG_WARN_DIRECT_OBJC_ISA_USAGE = YES_ERROR;
				CLANG_WARN_DOCUMENTATION_COMMENTS = YES;
				CLANG_WARN_EMPTY_BODY = YES;
				CLANG_WARN_ENUM_CONVERSION = YES;
				CLANG_WARN_INFINITE_RECURSION = YES;
				CLANG_WARN_INT_CONVERSION = YES;
				CLANG_WARN_NON_LITERAL_NULL_CONVERSION = YES;
				CLANG_WARN_OBJC_IMPLICIT_RETAIN_SELF = YES;
				CLANG_WARN_OBJC_LITERAL_CONVERSION = YES;
				CLANG_WARN_OBJC_ROOT_CLASS = YES_ERROR;
				CLANG_WARN_QUOTED_INCLUDE_IN_FRAMEWORK_HEADER = YES;
				CLANG_WARN_RANGE_LOOP_ANALYSIS = YES;
				CLANG_WARN_STRICT_PROTOTYPES = YES;
				CLANG_WARN_SUSPICIOUS_MOVE = YES;
				CLANG_WARN_UNGUARDED_AVAILABILITY = YES_AGGRESSIVE;
				CLANG_WARN_UNREACHABLE_CODE = YES;
				CLANG_WARN__DUPLICATE_METHOD_MATCH = YES;
				COPY_PHASE_STRIP = NO;
				DEBUG_INFORMATION_FORMAT = dwarf;
				ENABLE_STRICT_OBJC_MSGSEND = YES;
				ENABLE_TESTABILITY = YES;
				GCC_C_LANGUAGE_STANDARD = gnu11;
				GCC_DYNAMIC_NO_PIC = NO;
				GCC_NO_COMMON_BLOCKS = YES;
				GCC_OPTIMIZATION_LEVEL = 0;
				GCC_PREPROCESSOR_DEFINITIONS = (
					"DEBUG=1",
					"$(inherited)",
				);
				GCC_WARN_64_TO_32_BIT_CONVERSION = YES;
				GCC_WARN_ABOUT_RETURN_TYPE = YES_ERROR;
				GCC_WARN_UNDECLARED_SELECTOR = YES;
				GCC_WARN_UNINITIALIZED_AUTOS = YES_AGGRESSIVE;
				GCC_WARN_UNUSED_FUNCTION = YES;
				GCC_WARN_UNUSED_VARIABLE = YES;
				IPHONEOS_DEPLOYMENT_TARGET = 13.0;
				MTL_ENABLE_DEBUG_INFO = INCLUDE_SOURCE;
				MTL_FAST_MATH = YES;
				ONLY_ACTIVE_ARCH = YES;
				SDKROOT = iphoneos;
				SWIFT_ACTIVE_COMPILATION_CONDITIONS = DEBUG;
				SWIFT_OPTIMIZATION_LEVEL = "-Onone";
			};
			name = Debug;
		};
		D739500429ED8BC2000C4F78 /* Release */ = {
			isa = XCBuildConfiguration;
			buildSettings = {
				ALWAYS_SEARCH_USER_PATHS = NO;
				CLANG_ANALYZER_NONNULL = YES;
				CLANG_ANALYZER_NUMBER_OBJECT_CONVERSION = YES_AGGRESSIVE;
				CLANG_CXX_LANGUAGE_STANDARD = "gnu++20";
				CLANG_ENABLE_MODULES = YES;
				CLANG_ENABLE_OBJC_ARC = YES;
				CLANG_ENABLE_OBJC_WEAK = YES;
				CLANG_WARN_BLOCK_CAPTURE_AUTORELEASING = YES;
				CLANG_WARN_BOOL_CONVERSION = YES;
				CLANG_WARN_COMMA = YES;
				CLANG_WARN_CONSTANT_CONVERSION = YES;
				CLANG_WARN_DEPRECATED_OBJC_IMPLEMENTATIONS = YES;
				CLANG_WARN_DIRECT_OBJC_ISA_USAGE = YES_ERROR;
				CLANG_WARN_DOCUMENTATION_COMMENTS = YES;
				CLANG_WARN_EMPTY_BODY = YES;
				CLANG_WARN_ENUM_CONVERSION = YES;
				CLANG_WARN_INFINITE_RECURSION = YES;
				CLANG_WARN_INT_CONVERSION = YES;
				CLANG_WARN_NON_LITERAL_NULL_CONVERSION = YES;
				CLANG_WARN_OBJC_IMPLICIT_RETAIN_SELF = YES;
				CLANG_WARN_OBJC_LITERAL_CONVERSION = YES;
				CLANG_WARN_OBJC_ROOT_CLASS = YES_ERROR;
				CLANG_WARN_QUOTED_INCLUDE_IN_FRAMEWORK_HEADER = YES;
				CLANG_WARN_RANGE_LOOP_ANALYSIS = YES;
				CLANG_WARN_STRICT_PROTOTYPES = YES;
				CLANG_WARN_SUSPICIOUS_MOVE = YES;
				CLANG_WARN_UNGUARDED_AVAILABILITY = YES_AGGRESSIVE;
				CLANG_WARN_UNREACHABLE_CODE = YES;
				CLANG_WARN__DUPLICATE_METHOD_MATCH = YES;
				COPY_PHASE_STRIP = NO;
				DEBUG_INFORMATION_FORMAT = "dwarf-with-dsym";
				ENABLE_NS_ASSERTIONS = NO;
				ENABLE_STRICT_OBJC_MSGSEND = YES;
				GCC_C_LANGUAGE_STANDARD = gnu11;
				GCC_NO_COMMON_BLOCKS = YES;
				GCC_WARN_64_TO_32_BIT_CONVERSION = YES;
				GCC_WARN_ABOUT_RETURN_TYPE = YES_ERROR;
				GCC_WARN_UNDECLARED_SELECTOR = YES;
				GCC_WARN_UNINITIALIZED_AUTOS = YES_AGGRESSIVE;
				GCC_WARN_UNUSED_FUNCTION = YES;
				GCC_WARN_UNUSED_VARIABLE = YES;
				IPHONEOS_DEPLOYMENT_TARGET = 13.0;
				MTL_ENABLE_DEBUG_INFO = NO;
				MTL_FAST_MATH = YES;
				SDKROOT = iphoneos;
				SWIFT_COMPILATION_MODE = wholemodule;
				SWIFT_OPTIMIZATION_LEVEL = "-O";
				VALIDATE_PRODUCT = YES;
			};
			name = Release;
		};
		D739500629ED8BC2000C4F78 /* Debug */ = {
			isa = XCBuildConfiguration;
			buildSettings = {
				ALWAYS_EMBED_SWIFT_STANDARD_LIBRARIES = YES;
				ASSETCATALOG_COMPILER_APPICON_NAME = AppIcon;
				ASSETCATALOG_COMPILER_GLOBAL_ACCENT_COLOR_NAME = AccentColor;
				CODE_SIGN_IDENTITY = "Apple Development";
				"CODE_SIGN_IDENTITY[sdk=iphoneos*]" = "iPhone Developer";
				CODE_SIGN_STYLE = Manual;
				CURRENT_PROJECT_VERSION = 1;
				DEVELOPMENT_TEAM = "";
				"DEVELOPMENT_TEAM[sdk=iphoneos*]" = YPN388FR66;
				GENERATE_INFOPLIST_FILE = YES;
				INFOPLIST_FILE = Lordyal/Info.plist;
				INFOPLIST_KEY_UIApplicationSupportsIndirectInputEvents = YES;
				INFOPLIST_KEY_UILaunchStoryboardName = LaunchScreen;
				INFOPLIST_KEY_UIMainStoryboardFile = Main;
				INFOPLIST_KEY_UISupportedInterfaceOrientations_iPad = "UIInterfaceOrientationPortrait UIInterfaceOrientationPortraitUpsideDown UIInterfaceOrientationLandscapeLeft UIInterfaceOrientationLandscapeRight";
				INFOPLIST_KEY_UISupportedInterfaceOrientations_iPhone = "UIInterfaceOrientationPortrait UIInterfaceOrientationLandscapeLeft UIInterfaceOrientationLandscapeRight";
				IPHONEOS_DEPLOYMENT_TARGET = 13.0;
				LD_RUNPATH_SEARCH_PATHS = (
					"$(inherited)",
					"@executable_path/Frameworks",
				);
				MARKETING_VERSION = 1.0;
				PRODUCT_BUNDLE_IDENTIFIER = com.app.lordyal;
				PRODUCT_NAME = "$(TARGET_NAME)";
				PROVISIONING_PROFILE_SPECIFIER = "";
				"PROVISIONING_PROFILE_SPECIFIER[sdk=iphoneos*]" = dev_lordyal;
				SWIFT_EMIT_LOC_STRINGS = YES;
				SWIFT_VERSION = 5.0;
				TARGETED_DEVICE_FAMILY = "1,2";
			};
			name = Debug;
		};
		D739500729ED8BC2000C4F78 /* Release */ = {
			isa = XCBuildConfiguration;
			buildSettings = {
				ALWAYS_EMBED_SWIFT_STANDARD_LIBRARIES = YES;
				ASSETCATALOG_COMPILER_APPICON_NAME = AppIcon;
				ASSETCATALOG_COMPILER_GLOBAL_ACCENT_COLOR_NAME = AccentColor;
				"CODE_SIGN_IDENTITY[sdk=iphoneos*]" = "iPhone Distribution";
				CODE_SIGN_STYLE = Manual;
				CURRENT_PROJECT_VERSION = 1;
				DEVELOPMENT_TEAM = "";
				"DEVELOPMENT_TEAM[sdk=iphoneos*]" = YPN388FR66;
				GENERATE_INFOPLIST_FILE = YES;
				INFOPLIST_FILE = Lordyal/Info.plist;
				INFOPLIST_KEY_UIApplicationSupportsIndirectInputEvents = YES;
				INFOPLIST_KEY_UILaunchStoryboardName = LaunchScreen;
				INFOPLIST_KEY_UIMainStoryboardFile = Main;
				INFOPLIST_KEY_UISupportedInterfaceOrientations_iPad = "UIInterfaceOrientationPortrait UIInterfaceOrientationPortraitUpsideDown UIInterfaceOrientationLandscapeLeft UIInterfaceOrientationLandscapeRight";
				INFOPLIST_KEY_UISupportedInterfaceOrientations_iPhone = "UIInterfaceOrientationPortrait UIInterfaceOrientationLandscapeLeft UIInterfaceOrientationLandscapeRight";
				IPHONEOS_DEPLOYMENT_TARGET = 13.0;
				LD_RUNPATH_SEARCH_PATHS = (
					"$(inherited)",
					"@executable_path/Frameworks",
				);
				MARKETING_VERSION = 1.0;
				PRODUCT_BUNDLE_IDENTIFIER = com.app.lordyal;
				PRODUCT_NAME = "$(TARGET_NAME)";
				PROVISIONING_PROFILE_SPECIFIER = "";
				"PROVISIONING_PROFILE_SPECIFIER[sdk=iphoneos*]" = pro_lordyal;
				SWIFT_EMIT_LOC_STRINGS = YES;
				SWIFT_VERSION = 5.0;
				TARGETED_DEVICE_FAMILY = "1,2";
			};
			name = Release;
		};
		D739502229ED8DBF000C4F78 /* Debug */ = {
			isa = XCBuildConfiguration;
			buildSettings = {
				ASSETCATALOG_COMPILER_APPICON_NAME = AppIcon;
				ASSETCATALOG_COMPILER_GLOBAL_ACCENT_COLOR_NAME = AccentColor;
				CODE_SIGN_ENTITLEMENTS = LordyalClip/LordyalClip.entitlements;
				CODE_SIGN_IDENTITY = "Apple Development";
				"CODE_SIGN_IDENTITY[sdk=iphoneos*]" = "iPhone Developer";
				CODE_SIGN_STYLE = Manual;
				CURRENT_PROJECT_VERSION = 1;
				DEVELOPMENT_TEAM = "";
				"DEVELOPMENT_TEAM[sdk=iphoneos*]" = YPN388FR66;
				GENERATE_INFOPLIST_FILE = YES;
				INFOPLIST_FILE = LordyalClip/Info.plist;
				INFOPLIST_KEY_CFBundleDisplayName = Lordyal;
				INFOPLIST_KEY_UIApplicationSupportsIndirectInputEvents = YES;
				INFOPLIST_KEY_UILaunchStoryboardName = LaunchScreen;
				INFOPLIST_KEY_UIMainStoryboardFile = Main;
				INFOPLIST_KEY_UISupportedInterfaceOrientations_iPad = "UIInterfaceOrientationPortrait UIInterfaceOrientationPortraitUpsideDown UIInterfaceOrientationLandscapeLeft UIInterfaceOrientationLandscapeRight";
				INFOPLIST_KEY_UISupportedInterfaceOrientations_iPhone = "UIInterfaceOrientationPortrait UIInterfaceOrientationLandscapeLeft UIInterfaceOrientationLandscapeRight";
				IPHONEOS_DEPLOYMENT_TARGET = 16.0;
				LD_RUNPATH_SEARCH_PATHS = (
					"$(inherited)",
					"@executable_path/Frameworks",
				);
				MARKETING_VERSION = 1.0;
				PRODUCT_BUNDLE_IDENTIFIER = com.app.lordyal.Appclip;
				PRODUCT_NAME = "$(TARGET_NAME)";
				PROVISIONING_PROFILE_SPECIFIER = "";
				"PROVISIONING_PROFILE_SPECIFIER[sdk=iphoneos*]" = dev_lordyal_appclip;
				SWIFT_EMIT_LOC_STRINGS = YES;
				SWIFT_VERSION = 5.0;
				TARGETED_DEVICE_FAMILY = "1,2";
			};
			name = Debug;
		};
		D739502329ED8DBF000C4F78 /* Release */ = {
			isa = XCBuildConfiguration;
			buildSettings = {
				ASSETCATALOG_COMPILER_APPICON_NAME = AppIcon;
				ASSETCATALOG_COMPILER_GLOBAL_ACCENT_COLOR_NAME = AccentColor;
				CODE_SIGN_ENTITLEMENTS = LordyalClip/LordyalClip.entitlements;
				CODE_SIGN_IDENTITY = "Apple Development";
				"CODE_SIGN_IDENTITY[sdk=iphoneos*]" = "iPhone Developer";
				CODE_SIGN_STYLE = Manual;
				CURRENT_PROJECT_VERSION = 1;
				DEVELOPMENT_TEAM = "";
				"DEVELOPMENT_TEAM[sdk=iphoneos*]" = YPN388FR66;
				GENERATE_INFOPLIST_FILE = YES;
				INFOPLIST_FILE = LordyalClip/Info.plist;
				INFOPLIST_KEY_CFBundleDisplayName = Lordyal;
				INFOPLIST_KEY_UIApplicationSupportsIndirectInputEvents = YES;
				INFOPLIST_KEY_UILaunchStoryboardName = LaunchScreen;
				INFOPLIST_KEY_UIMainStoryboardFile = Main;
				INFOPLIST_KEY_UISupportedInterfaceOrientations_iPad = "UIInterfaceOrientationPortrait UIInterfaceOrientationPortraitUpsideDown UIInterfaceOrientationLandscapeLeft UIInterfaceOrientationLandscapeRight";
				INFOPLIST_KEY_UISupportedInterfaceOrientations_iPhone = "UIInterfaceOrientationPortrait UIInterfaceOrientationLandscapeLeft UIInterfaceOrientationLandscapeRight";
				IPHONEOS_DEPLOYMENT_TARGET = 16.0;
				LD_RUNPATH_SEARCH_PATHS = (
					"$(inherited)",
					"@executable_path/Frameworks",
				);
				MARKETING_VERSION = 1.0;
				PRODUCT_BUNDLE_IDENTIFIER = com.app.lordyal.Appclip;
				PRODUCT_NAME = "$(TARGET_NAME)";
				PROVISIONING_PROFILE_SPECIFIER = "";
				"PROVISIONING_PROFILE_SPECIFIER[sdk=iphoneos*]" = dev_lordyal_appclip;
				SWIFT_EMIT_LOC_STRINGS = YES;
				SWIFT_VERSION = 5.0;
				TARGETED_DEVICE_FAMILY = "1,2";
			};
			name = Release;
		};
/* End XCBuildConfiguration section */

/* Begin XCConfigurationList section */
		D7394FEC29ED8BBD000C4F78 /* Build configuration list for PBXProject "Lordyal" */ = {
			isa = XCConfigurationList;
			buildConfigurations = (
				D739500329ED8BC2000C4F78 /* Debug */,
				D739500429ED8BC2000C4F78 /* Release */,
			);
			defaultConfigurationIsVisible = 0;
			defaultConfigurationName = Release;
		};
		D739500529ED8BC2000C4F78 /* Build configuration list for PBXNativeTarget "Lordyal" */ = {
			isa = XCConfigurationList;
			buildConfigurations = (
				D739500629ED8BC2000C4F78 /* Debug */,
				D739500729ED8BC2000C4F78 /* Release */,
			);
			defaultConfigurationIsVisible = 0;
			defaultConfigurationName = Release;
		};
		D739502129ED8DBF000C4F78 /* Build configuration list for PBXNativeTarget "LordyalClip" */ = {
			isa = XCConfigurationList;
			buildConfigurations = (
				D739502229ED8DBF000C4F78 /* Debug */,
				D739502329ED8DBF000C4F78 /* Release */,
			);
			defaultConfigurationIsVisible = 0;
			defaultConfigurationName = Release;
		};
/* End XCConfigurationList section */

/* Begin XCRemoteSwiftPackageReference section */
		9CB354FB29F973DB00326449 /* XCRemoteSwiftPackageReference "SnapKit" */ = {
			isa = XCRemoteSwiftPackageReference;
			repositoryURL = "https://github.com/SnapKit/SnapKit";
			requirement = {
				kind = upToNextMajorVersion;
				minimumVersion = 5.0.0;
			};
		};
/* End XCRemoteSwiftPackageReference section */

/* Begin XCSwiftPackageProductDependency section */
		9CB354FC29F973DB00326449 /* SnapKit */ = {
			isa = XCSwiftPackageProductDependency;
			package = 9CB354FB29F973DB00326449 /* XCRemoteSwiftPackageReference "SnapKit" */;
			productName = SnapKit;
		};
		9CB354FE29F9740900326449 /* SnapKit */ = {
			isa = XCSwiftPackageProductDependency;
			package = 9CB354FB29F973DB00326449 /* XCRemoteSwiftPackageReference "SnapKit" */;
			productName = SnapKit;
		};
		9CB3550029F9741300326449 /* SnapKit */ = {
			isa = XCSwiftPackageProductDependency;
			package = 9CB354FB29F973DB00326449 /* XCRemoteSwiftPackageReference "SnapKit" */;
			productName = SnapKit;
		};
		9CB3550329F975B200326449 /* SnapKit */ = {
			isa = XCSwiftPackageProductDependency;
			package = 9CB354FB29F973DB00326449 /* XCRemoteSwiftPackageReference "SnapKit" */;
			productName = SnapKit;
		};
/* End XCSwiftPackageProductDependency section */
	};
	rootObject = D7394FE929ED8BBD000C4F78 /* Project object */;
}
