// !$*UTF8*$!
{
	archiveVersion = 1;
	classes = {
	};
	objectVersion = 56;
	objects = {

/* Begin PBXBuildFile section */
		9C21DFA22A55B9A9009C1C52 /* APIService.swift in Sources */ = {isa = PBXBuildFile; fileRef = 9C3CD5592A52BC1800D66E6C /* APIService.swift */; };
		9C28BFCF2A3313B1000E5C34 /* PhoneNumberKit in Frameworks */ = {isa = PBXBuildFile; productRef = 9C28BFCE2A3313B1000E5C34 /* PhoneNumberKit */; };
		9C28BFD52A3313C8000E5C34 /* PhoneNumberKit in Frameworks */ = {isa = PBXBuildFile; productRef = 9C28BFD42A3313C8000E5C34 /* PhoneNumberKit */; };
		9C28BFD72A331900000E5C34 /* UserProfileInputViewModel.swift in Sources */ = {isa = PBXBuildFile; fileRef = 9C28BFD62A331900000E5C34 /* UserProfileInputViewModel.swift */; };
		9C28BFD82A331A37000E5C34 /* UserProfileInputViewModel.swift in Sources */ = {isa = PBXBuildFile; fileRef = 9C28BFD62A331900000E5C34 /* UserProfileInputViewModel.swift */; };
		9C3CD55A2A52BC1800D66E6C /* APIService.swift in Sources */ = {isa = PBXBuildFile; fileRef = 9C3CD5592A52BC1800D66E6C /* APIService.swift */; };
		9C7369D12A323AC1001407ED /* UserProfileInputView.swift in Sources */ = {isa = PBXBuildFile; fileRef = 9C7369D02A323AC1001407ED /* UserProfileInputView.swift */; };
		9C7369D22A323AC1001407ED /* UserProfileInputView.swift in Sources */ = {isa = PBXBuildFile; fileRef = 9C7369D02A323AC1001407ED /* UserProfileInputView.swift */; };
		9C7369D42A323C4E001407ED /* GenderSelectionView.swift in Sources */ = {isa = PBXBuildFile; fileRef = 9C7369D32A323C4E001407ED /* GenderSelectionView.swift */; };
		9C7369D52A323C4E001407ED /* GenderSelectionView.swift in Sources */ = {isa = PBXBuildFile; fileRef = 9C7369D32A323C4E001407ED /* GenderSelectionView.swift */; };
		9C86D69C2A3EFCB100C00728 /* ApplyingRewardsViewModel.swift in Sources */ = {isa = PBXBuildFile; fileRef = 9C86D69B2A3EFCB100C00728 /* ApplyingRewardsViewModel.swift */; };
		9C86D69D2A3EFCB100C00728 /* ApplyingRewardsViewModel.swift in Sources */ = {isa = PBXBuildFile; fileRef = 9C86D69B2A3EFCB100C00728 /* ApplyingRewardsViewModel.swift */; };
		9C97557529FADBDC0051EF1F /* UIColor+Extension.swift in Sources */ = {isa = PBXBuildFile; fileRef = 9C97557429FADBDC0051EF1F /* UIColor+Extension.swift */; };
		9C97557629FADBDC0051EF1F /* UIColor+Extension.swift in Sources */ = {isa = PBXBuildFile; fileRef = 9C97557429FADBDC0051EF1F /* UIColor+Extension.swift */; };
		9CB354FD29F973DB00326449 /* SnapKit in Frameworks */ = {isa = PBXBuildFile; productRef = 9CB354FC29F973DB00326449 /* SnapKit */; };
		9CB3550429F975B200326449 /* SnapKit in Frameworks */ = {isa = PBXBuildFile; productRef = 9CB3550329F975B200326449 /* SnapKit */; };
		9CBFDFBE2A2CD4CD00ADB6B4 /* RedeemRewardView.swift in Sources */ = {isa = PBXBuildFile; fileRef = 9CBFDFBD2A2CD4CD00ADB6B4 /* RedeemRewardView.swift */; };
		9CBFDFBF2A2CD4CD00ADB6B4 /* RedeemRewardView.swift in Sources */ = {isa = PBXBuildFile; fileRef = 9CBFDFBD2A2CD4CD00ADB6B4 /* RedeemRewardView.swift */; };
		9CC67C7F2A338DBC0091A3D8 /* DatePickerView.swift in Sources */ = {isa = PBXBuildFile; fileRef = 9CC67C7E2A338DBC0091A3D8 /* DatePickerView.swift */; };
		9CC67C802A338DBC0091A3D8 /* DatePickerView.swift in Sources */ = {isa = PBXBuildFile; fileRef = 9CC67C7E2A338DBC0091A3D8 /* DatePickerView.swift */; };
		9CCE7D132A2503570037209E /* LordyalClipApp.swift in Sources */ = {isa = PBXBuildFile; fileRef = 9CCE7D122A2503570037209E /* LordyalClipApp.swift */; };
		9CCE7D152A2504130037209E /* LordyalApp.swift in Sources */ = {isa = PBXBuildFile; fileRef = 9CCE7D142A2504130037209E /* LordyalApp.swift */; };
		9CCE7D192A2505070037209E /* GetAppView.swift in Sources */ = {isa = PBXBuildFile; fileRef = 9CCE7D182A2505070037209E /* GetAppView.swift */; };
		9CCE7D1B2A250A1B0037209E /* Colors.xcassets in Resources */ = {isa = PBXBuildFile; fileRef = 9CCE7D1A2A250A1B0037209E /* Colors.xcassets */; };
		9CCE7D1D2A250AF60037209E /* Color+Extension.swift in Sources */ = {isa = PBXBuildFile; fileRef = 9CCE7D1C2A250AF60037209E /* Color+Extension.swift */; };
		9CCE7D1E2A2511320037209E /* GetAppView.swift in Sources */ = {isa = PBXBuildFile; fileRef = 9CCE7D182A2505070037209E /* GetAppView.swift */; };
		9CCE7D1F2A2511430037209E /* Colors.xcassets in Resources */ = {isa = PBXBuildFile; fileRef = 9CCE7D1A2A250A1B0037209E /* Colors.xcassets */; };
		9CCE7D202A2511460037209E /* Color+Extension.swift in Sources */ = {isa = PBXBuildFile; fileRef = 9CCE7D1C2A250AF60037209E /* Color+Extension.swift */; };
		9CDCE63D2A27A35E004055D8 /* ScanBarCodeView.swift in Sources */ = {isa = PBXBuildFile; fileRef = 9CDCE63C2A27A35E004055D8 /* ScanBarCodeView.swift */; };
		9CDCE63E2A27A35E004055D8 /* ScanBarCodeView.swift in Sources */ = {isa = PBXBuildFile; fileRef = 9CDCE63C2A27A35E004055D8 /* ScanBarCodeView.swift */; };
		9CDCE6402A27A88D004055D8 /* ApplyingRewardsView.swift in Sources */ = {isa = PBXBuildFile; fileRef = 9CDCE63F2A27A88D004055D8 /* ApplyingRewardsView.swift */; };
		9CDCE6412A27A88D004055D8 /* ApplyingRewardsView.swift in Sources */ = {isa = PBXBuildFile; fileRef = 9CDCE63F2A27A88D004055D8 /* ApplyingRewardsView.swift */; };
		9CDCE6432A27A94E004055D8 /* ApplyingRewardItemView.swift in Sources */ = {isa = PBXBuildFile; fileRef = 9CDCE6422A27A94E004055D8 /* ApplyingRewardItemView.swift */; };
		9CDCE6442A27A94E004055D8 /* ApplyingRewardItemView.swift in Sources */ = {isa = PBXBuildFile; fileRef = 9CDCE6422A27A94E004055D8 /* ApplyingRewardItemView.swift */; };
		9CDCE6472A27AD40004055D8 /* Icons.xcassets in Resources */ = {isa = PBXBuildFile; fileRef = 9CDCE6462A27AD40004055D8 /* Icons.xcassets */; };
		9CDCE6482A27AD40004055D8 /* Icons.xcassets in Resources */ = {isa = PBXBuildFile; fileRef = 9CDCE6462A27AD40004055D8 /* Icons.xcassets */; };
		D7394FFE29ED8BC2000C4F78 /* Assets.xcassets in Resources */ = {isa = PBXBuildFile; fileRef = D7394FFD29ED8BC2000C4F78 /* Assets.xcassets */; };
		D739500129ED8BC2000C4F78 /* LaunchScreen.storyboard in Resources */ = {isa = PBXBuildFile; fileRef = D7394FFF29ED8BC2000C4F78 /* LaunchScreen.storyboard */; };
		D739501329ED8DBD000C4F78 /* ViewController.swift in Sources */ = {isa = PBXBuildFile; fileRef = D739501229ED8DBD000C4F78 /* ViewController.swift */; };
		D739501829ED8DBF000C4F78 /* Assets.xcassets in Resources */ = {isa = PBXBuildFile; fileRef = D739501729ED8DBF000C4F78 /* Assets.xcassets */; };
		D739501B29ED8DBF000C4F78 /* LaunchScreen.storyboard in Resources */ = {isa = PBXBuildFile; fileRef = D739501929ED8DBF000C4F78 /* LaunchScreen.storyboard */; };
		D739502029ED8DBF000C4F78 /* LordyalClip.app in Embed App Clips */ = {isa = PBXBuildFile; fileRef = D739500C29ED8DBD000C4F78 /* LordyalClip.app */; settings = {ATTRIBUTES = (RemoveHeadersOnCopy, ); }; };
		E82A95F82ACAFEC8002F3A7D /* AppDelegate.swift in Sources */ = {isa = PBXBuildFile; fileRef = E82A95F72ACAFEC8002F3A7D /* AppDelegate.swift */; };
		E82A95FB2ACB8FA3002F3A7D /* ViewController.swift in Sources */ = {isa = PBXBuildFile; fileRef = D739501229ED8DBD000C4F78 /* ViewController.swift */; };
		E82A96022ACB9518002F3A7D /* OpenSans-Regular.ttf in Resources */ = {isa = PBXBuildFile; fileRef = E82A95FE2ACB9517002F3A7D /* OpenSans-Regular.ttf */; };
		E82A96032ACB9518002F3A7D /* OpenSans-Regular.ttf in Resources */ = {isa = PBXBuildFile; fileRef = E82A95FE2ACB9517002F3A7D /* OpenSans-Regular.ttf */; };
		E82A96042ACB9518002F3A7D /* OpenSans-SemiBold.ttf in Resources */ = {isa = PBXBuildFile; fileRef = E82A95FF2ACB9517002F3A7D /* OpenSans-SemiBold.ttf */; };
		E82A96052ACB9518002F3A7D /* OpenSans-SemiBold.ttf in Resources */ = {isa = PBXBuildFile; fileRef = E82A95FF2ACB9517002F3A7D /* OpenSans-SemiBold.ttf */; };
		E82A96062ACB9518002F3A7D /* SFUFuturaBold.ttf in Resources */ = {isa = PBXBuildFile; fileRef = E82A96002ACB9517002F3A7D /* SFUFuturaBold.ttf */; };
		E82A96072ACB9518002F3A7D /* SFUFuturaBold.ttf in Resources */ = {isa = PBXBuildFile; fileRef = E82A96002ACB9517002F3A7D /* SFUFuturaBold.ttf */; };
		E82A96082ACB9518002F3A7D /* OpenSans-Bold.ttf in Resources */ = {isa = PBXBuildFile; fileRef = E82A96012ACB9517002F3A7D /* OpenSans-Bold.ttf */; };
		E82A96092ACB9518002F3A7D /* OpenSans-Bold.ttf in Resources */ = {isa = PBXBuildFile; fileRef = E82A96012ACB9517002F3A7D /* OpenSans-Bold.ttf */; };
		E82A960B2ACB9684002F3A7D /* Font+Extension.swift in Sources */ = {isa = PBXBuildFile; fileRef = E82A960A2ACB9684002F3A7D /* Font+Extension.swift */; };
		E82A960C2ACB9684002F3A7D /* Font+Extension.swift in Sources */ = {isa = PBXBuildFile; fileRef = E82A960A2ACB9684002F3A7D /* Font+Extension.swift */; };
		E82A96102ACB9B10002F3A7D /* BackButton.swift in Sources */ = {isa = PBXBuildFile; fileRef = E82A960F2ACB9B10002F3A7D /* BackButton.swift */; };
		E82A96112ACB9B11002F3A7D /* BackButton.swift in Sources */ = {isa = PBXBuildFile; fileRef = E82A960F2ACB9B10002F3A7D /* BackButton.swift */; };
		E82A96132ACB9D1C002F3A7D /* RoundButton.swift in Sources */ = {isa = PBXBuildFile; fileRef = E82A96122ACB9D1C002F3A7D /* RoundButton.swift */; };
		E82A96142ACB9D1C002F3A7D /* RoundButton.swift in Sources */ = {isa = PBXBuildFile; fileRef = E82A96122ACB9D1C002F3A7D /* RoundButton.swift */; };
		E8F375642AD48CC300A2A30E /* UserDefaultsManager.swift in Sources */ = {isa = PBXBuildFile; fileRef = E8F375632AD48CC300A2A30E /* UserDefaultsManager.swift */; };
		E8F375652AD48CC300A2A30E /* UserDefaultsManager.swift in Sources */ = {isa = PBXBuildFile; fileRef = E8F375632AD48CC300A2A30E /* UserDefaultsManager.swift */; };
		E8F890842AD1B60C004BF6F0 /* InvocationURLModel.swift in Sources */ = {isa = PBXBuildFile; fileRef = E8F890832AD1B60C004BF6F0 /* InvocationURLModel.swift */; };
		E8F890852AD1B60C004BF6F0 /* InvocationURLModel.swift in Sources */ = {isa = PBXBuildFile; fileRef = E8F890832AD1B60C004BF6F0 /* InvocationURLModel.swift */; };
		E8F890872AD20EA5004BF6F0 /* OpenSans-ExtraBold.ttf in Resources */ = {isa = PBXBuildFile; fileRef = E8F890862AD20EA5004BF6F0 /* OpenSans-ExtraBold.ttf */; };
		E8F890882AD20EA5004BF6F0 /* OpenSans-ExtraBold.ttf in Resources */ = {isa = PBXBuildFile; fileRef = E8F890862AD20EA5004BF6F0 /* OpenSans-ExtraBold.ttf */; };
		E8F8908D2AD3183E004BF6F0 /* AvailableRewardCardView.swift in Sources */ = {isa = PBXBuildFile; fileRef = E8F8908C2AD3183D004BF6F0 /* AvailableRewardCardView.swift */; };
		E8F8908E2AD3183E004BF6F0 /* AvailableRewardCardView.swift in Sources */ = {isa = PBXBuildFile; fileRef = E8F8908C2AD3183D004BF6F0 /* AvailableRewardCardView.swift */; };
		E8F890902AD3229B004BF6F0 /* AvailableRewardsView.swift in Sources */ = {isa = PBXBuildFile; fileRef = E8F8908F2AD3229B004BF6F0 /* AvailableRewardsView.swift */; };
		E8F890912AD3229B004BF6F0 /* AvailableRewardsView.swift in Sources */ = {isa = PBXBuildFile; fileRef = E8F8908F2AD3229B004BF6F0 /* AvailableRewardsView.swift */; };
		E8F890932AD388F2004BF6F0 /* MerchantModel.swift in Sources */ = {isa = PBXBuildFile; fileRef = E8F890922AD388F2004BF6F0 /* MerchantModel.swift */; };
		E8F890942AD388F2004BF6F0 /* MerchantModel.swift in Sources */ = {isa = PBXBuildFile; fileRef = E8F890922AD388F2004BF6F0 /* MerchantModel.swift */; };
/* End PBXBuildFile section */

/* Begin PBXContainerItemProxy section */
		D739501E29ED8DBF000C4F78 /* PBXContainerItemProxy */ = {
			isa = PBXContainerItemProxy;
			containerPortal = D7394FE929ED8BBD000C4F78 /* Project object */;
			proxyType = 1;
			remoteGlobalIDString = D739500B29ED8DBD000C4F78;
			remoteInfo = LordyalClip;
		};
/* End PBXContainerItemProxy section */

/* Begin PBXCopyFilesBuildPhase section */
		D739502429ED8DBF000C4F78 /* Embed App Clips */ = {
			isa = PBXCopyFilesBuildPhase;
			buildActionMask = 2147483647;
			dstPath = "$(CONTENTS_FOLDER_PATH)/AppClips";
			dstSubfolderSpec = 16;
			files = (
				D739502029ED8DBF000C4F78 /* LordyalClip.app in Embed App Clips */,
			);
			name = "Embed App Clips";
			runOnlyForDeploymentPostprocessing = 0;
		};
/* End PBXCopyFilesBuildPhase section */

/* Begin PBXFileReference section */
		9C28BFD62A331900000E5C34 /* UserProfileInputViewModel.swift */ = {isa = PBXFileReference; lastKnownFileType = sourcecode.swift; path = UserProfileInputViewModel.swift; sourceTree = "<group>"; };
		9C3CD5592A52BC1800D66E6C /* APIService.swift */ = {isa = PBXFileReference; lastKnownFileType = sourcecode.swift; path = APIService.swift; sourceTree = "<group>"; };
		9C7369D02A323AC1001407ED /* UserProfileInputView.swift */ = {isa = PBXFileReference; lastKnownFileType = sourcecode.swift; path = UserProfileInputView.swift; sourceTree = "<group>"; };
		9C7369D32A323C4E001407ED /* GenderSelectionView.swift */ = {isa = PBXFileReference; lastKnownFileType = sourcecode.swift; path = GenderSelectionView.swift; sourceTree = "<group>"; };
		9C86D69B2A3EFCB100C00728 /* ApplyingRewardsViewModel.swift */ = {isa = PBXFileReference; lastKnownFileType = sourcecode.swift; path = ApplyingRewardsViewModel.swift; sourceTree = "<group>"; };
		9C97557429FADBDC0051EF1F /* UIColor+Extension.swift */ = {isa = PBXFileReference; lastKnownFileType = sourcecode.swift; path = "UIColor+Extension.swift"; sourceTree = "<group>"; };
		9CBFDFBD2A2CD4CD00ADB6B4 /* RedeemRewardView.swift */ = {isa = PBXFileReference; lastKnownFileType = sourcecode.swift; path = RedeemRewardView.swift; sourceTree = "<group>"; };
		9CC67C7E2A338DBC0091A3D8 /* DatePickerView.swift */ = {isa = PBXFileReference; lastKnownFileType = sourcecode.swift; path = DatePickerView.swift; sourceTree = "<group>"; };
		9CCE7D122A2503570037209E /* LordyalClipApp.swift */ = {isa = PBXFileReference; lastKnownFileType = sourcecode.swift; path = LordyalClipApp.swift; sourceTree = "<group>"; };
		9CCE7D142A2504130037209E /* LordyalApp.swift */ = {isa = PBXFileReference; lastKnownFileType = sourcecode.swift; path = LordyalApp.swift; sourceTree = "<group>"; };
		9CCE7D182A2505070037209E /* GetAppView.swift */ = {isa = PBXFileReference; lastKnownFileType = sourcecode.swift; path = GetAppView.swift; sourceTree = "<group>"; };
		9CCE7D1A2A250A1B0037209E /* Colors.xcassets */ = {isa = PBXFileReference; lastKnownFileType = folder.assetcatalog; path = Colors.xcassets; sourceTree = "<group>"; };
		9CCE7D1C2A250AF60037209E /* Color+Extension.swift */ = {isa = PBXFileReference; lastKnownFileType = sourcecode.swift; path = "Color+Extension.swift"; sourceTree = "<group>"; };
		9CDCE63C2A27A35E004055D8 /* ScanBarCodeView.swift */ = {isa = PBXFileReference; lastKnownFileType = sourcecode.swift; path = ScanBarCodeView.swift; sourceTree = "<group>"; };
		9CDCE63F2A27A88D004055D8 /* ApplyingRewardsView.swift */ = {isa = PBXFileReference; lastKnownFileType = sourcecode.swift; path = ApplyingRewardsView.swift; sourceTree = "<group>"; };
		9CDCE6422A27A94E004055D8 /* ApplyingRewardItemView.swift */ = {isa = PBXFileReference; lastKnownFileType = sourcecode.swift; path = ApplyingRewardItemView.swift; sourceTree = "<group>"; };
		9CDCE6462A27AD40004055D8 /* Icons.xcassets */ = {isa = PBXFileReference; lastKnownFileType = folder.assetcatalog; path = Icons.xcassets; sourceTree = "<group>"; };
		D7394FF129ED8BBD000C4F78 /* Lordyal.app */ = {isa = PBXFileReference; explicitFileType = wrapper.application; includeInIndex = 0; path = Lordyal.app; sourceTree = BUILT_PRODUCTS_DIR; };
		D7394FFD29ED8BC2000C4F78 /* Assets.xcassets */ = {isa = PBXFileReference; lastKnownFileType = folder.assetcatalog; path = Assets.xcassets; sourceTree = "<group>"; };
		D739500029ED8BC2000C4F78 /* Base */ = {isa = PBXFileReference; lastKnownFileType = file.storyboard; name = Base; path = Base.lproj/LaunchScreen.storyboard; sourceTree = "<group>"; };
		D739500229ED8BC2000C4F78 /* Info.plist */ = {isa = PBXFileReference; lastKnownFileType = text.plist.xml; path = Info.plist; sourceTree = "<group>"; };
		D739500C29ED8DBD000C4F78 /* LordyalClip.app */ = {isa = PBXFileReference; explicitFileType = wrapper.application; includeInIndex = 0; path = LordyalClip.app; sourceTree = BUILT_PRODUCTS_DIR; };
		D739501229ED8DBD000C4F78 /* ViewController.swift */ = {isa = PBXFileReference; lastKnownFileType = sourcecode.swift; path = ViewController.swift; sourceTree = "<group>"; };
		D739501729ED8DBF000C4F78 /* Assets.xcassets */ = {isa = PBXFileReference; lastKnownFileType = folder.assetcatalog; path = Assets.xcassets; sourceTree = "<group>"; };
		D739501A29ED8DBF000C4F78 /* Base */ = {isa = PBXFileReference; lastKnownFileType = file.storyboard; name = Base; path = Base.lproj/LaunchScreen.storyboard; sourceTree = "<group>"; };
		D739501C29ED8DBF000C4F78 /* Info.plist */ = {isa = PBXFileReference; lastKnownFileType = text.plist.xml; path = Info.plist; sourceTree = "<group>"; };
		D739501D29ED8DBF000C4F78 /* LordyalClip.entitlements */ = {isa = PBXFileReference; lastKnownFileType = text.plist.entitlements; path = LordyalClip.entitlements; sourceTree = "<group>"; };
		E82A95F72ACAFEC8002F3A7D /* AppDelegate.swift */ = {isa = PBXFileReference; lastKnownFileType = sourcecode.swift; path = AppDelegate.swift; sourceTree = "<group>"; };
		E82A95FE2ACB9517002F3A7D /* OpenSans-Regular.ttf */ = {isa = PBXFileReference; lastKnownFileType = file; path = "OpenSans-Regular.ttf"; sourceTree = "<group>"; };
		E82A95FF2ACB9517002F3A7D /* OpenSans-SemiBold.ttf */ = {isa = PBXFileReference; lastKnownFileType = file; path = "OpenSans-SemiBold.ttf"; sourceTree = "<group>"; };
		E82A96002ACB9517002F3A7D /* SFUFuturaBold.ttf */ = {isa = PBXFileReference; lastKnownFileType = file; path = SFUFuturaBold.ttf; sourceTree = "<group>"; };
		E82A96012ACB9517002F3A7D /* OpenSans-Bold.ttf */ = {isa = PBXFileReference; lastKnownFileType = file; path = "OpenSans-Bold.ttf"; sourceTree = "<group>"; };
		E82A960A2ACB9684002F3A7D /* Font+Extension.swift */ = {isa = PBXFileReference; lastKnownFileType = sourcecode.swift; path = "Font+Extension.swift"; sourceTree = "<group>"; };
		E82A960F2ACB9B10002F3A7D /* BackButton.swift */ = {isa = PBXFileReference; lastKnownFileType = sourcecode.swift; path = BackButton.swift; sourceTree = "<group>"; };
		E82A96122ACB9D1C002F3A7D /* RoundButton.swift */ = {isa = PBXFileReference; lastKnownFileType = sourcecode.swift; path = RoundButton.swift; sourceTree = "<group>"; };
		E8F375632AD48CC300A2A30E /* UserDefaultsManager.swift */ = {isa = PBXFileReference; lastKnownFileType = sourcecode.swift; path = UserDefaultsManager.swift; sourceTree = "<group>"; };
		E8F890832AD1B60C004BF6F0 /* InvocationURLModel.swift */ = {isa = PBXFileReference; lastKnownFileType = sourcecode.swift; path = InvocationURLModel.swift; sourceTree = "<group>"; };
		E8F890862AD20EA5004BF6F0 /* OpenSans-ExtraBold.ttf */ = {isa = PBXFileReference; lastKnownFileType = file; path = "OpenSans-ExtraBold.ttf"; sourceTree = "<group>"; };
		E8F8908C2AD3183D004BF6F0 /* AvailableRewardCardView.swift */ = {isa = PBXFileReference; lastKnownFileType = sourcecode.swift; path = AvailableRewardCardView.swift; sourceTree = "<group>"; };
		E8F8908F2AD3229B004BF6F0 /* AvailableRewardsView.swift */ = {isa = PBXFileReference; lastKnownFileType = sourcecode.swift; path = AvailableRewardsView.swift; sourceTree = "<group>"; };
		E8F890922AD388F2004BF6F0 /* MerchantModel.swift */ = {isa = PBXFileReference; lastKnownFileType = sourcecode.swift; path = MerchantModel.swift; sourceTree = "<group>"; };
/* End PBXFileReference section */

/* Begin PBXFrameworksBuildPhase section */
		D7394FEE29ED8BBD000C4F78 /* Frameworks */ = {
			isa = PBXFrameworksBuildPhase;
			buildActionMask = 2147483647;
			files = (
				9CB354FD29F973DB00326449 /* SnapKit in Frameworks */,
				9C28BFCF2A3313B1000E5C34 /* PhoneNumberKit in Frameworks */,
			);
			runOnlyForDeploymentPostprocessing = 0;
		};
		D739500929ED8DBD000C4F78 /* Frameworks */ = {
			isa = PBXFrameworksBuildPhase;
			buildActionMask = 2147483647;
			files = (
				9CB3550429F975B200326449 /* SnapKit in Frameworks */,
				9C28BFD52A3313C8000E5C34 /* PhoneNumberKit in Frameworks */,
			);
			runOnlyForDeploymentPostprocessing = 0;
		};
/* End PBXFrameworksBuildPhase section */

/* Begin PBXGroup section */
		9C3CD5582A52838000D66E6C /* Services */ = {
			isa = PBXGroup;
			children = (
				9C3CD5592A52BC1800D66E6C /* APIService.swift */,
			);
			path = Services;
			sourceTree = "<group>";
		};
		9C97557329FADBCE0051EF1F /* Extensions */ = {
			isa = PBXGroup;
			children = (
				9C97557429FADBDC0051EF1F /* UIColor+Extension.swift */,
				E82A960A2ACB9684002F3A7D /* Font+Extension.swift */,
				9CCE7D1C2A250AF60037209E /* Color+Extension.swift */,
			);
			path = Extensions;
			sourceTree = "<group>";
		};
		9CB354F529F96FD500326449 /* Shared */ = {
			isa = PBXGroup;
			children = (
				E82A960E2ACB9AFD002F3A7D /* UI */,
				E82A95FD2ACB9508002F3A7D /* Fonts */,
				9C3CD5582A52838000D66E6C /* Services */,
				9CDCE6452A27A9EA004055D8 /* ViewModels */,
				9CCE7D172A2504F00037209E /* Views */,
				9C97557329FADBCE0051EF1F /* Extensions */,
				9CCE7D1A2A250A1B0037209E /* Colors.xcassets */,
				9CDCE6462A27AD40004055D8 /* Icons.xcassets */,
			);
			path = Shared;
			sourceTree = "<group>";
		};
		9CB3550229F975B200326449 /* Frameworks */ = {
			isa = PBXGroup;
			children = (
			);
			name = Frameworks;
			sourceTree = "<group>";
		};
		9CCE7D172A2504F00037209E /* Views */ = {
			isa = PBXGroup;
			children = (
				9CCE7D182A2505070037209E /* GetAppView.swift */,
				9CDCE63C2A27A35E004055D8 /* ScanBarCodeView.swift */,
				9CDCE63F2A27A88D004055D8 /* ApplyingRewardsView.swift */,
				9CDCE6422A27A94E004055D8 /* ApplyingRewardItemView.swift */,
				E8F8908C2AD3183D004BF6F0 /* AvailableRewardCardView.swift */,
				E8F8908F2AD3229B004BF6F0 /* AvailableRewardsView.swift */,
				9CBFDFBD2A2CD4CD00ADB6B4 /* RedeemRewardView.swift */,
				9C7369D02A323AC1001407ED /* UserProfileInputView.swift */,
				9C7369D32A323C4E001407ED /* GenderSelectionView.swift */,
				9CC67C7E2A338DBC0091A3D8 /* DatePickerView.swift */,
			);
			path = Views;
			sourceTree = "<group>";
		};
		9CDCE6452A27A9EA004055D8 /* ViewModels */ = {
			isa = PBXGroup;
			children = (
				9C28BFD62A331900000E5C34 /* UserProfileInputViewModel.swift */,
				E8F375632AD48CC300A2A30E /* UserDefaultsManager.swift */,
				9C86D69B2A3EFCB100C00728 /* ApplyingRewardsViewModel.swift */,
				E8F890832AD1B60C004BF6F0 /* InvocationURLModel.swift */,
				E8F890922AD388F2004BF6F0 /* MerchantModel.swift */,
			);
			path = ViewModels;
			sourceTree = "<group>";
		};
		D7394FE829ED8BBD000C4F78 = {
			isa = PBXGroup;
			children = (
				9CB354F529F96FD500326449 /* Shared */,
				D7394FF329ED8BBD000C4F78 /* Lordyal */,
				D739500D29ED8DBD000C4F78 /* LordyalClip */,
				D7394FF229ED8BBD000C4F78 /* Products */,
				9CB3550229F975B200326449 /* Frameworks */,
			);
			sourceTree = "<group>";
		};
		D7394FF229ED8BBD000C4F78 /* Products */ = {
			isa = PBXGroup;
			children = (
				D7394FF129ED8BBD000C4F78 /* Lordyal.app */,
				D739500C29ED8DBD000C4F78 /* LordyalClip.app */,
			);
			name = Products;
			sourceTree = "<group>";
		};
		D7394FF329ED8BBD000C4F78 /* Lordyal */ = {
			isa = PBXGroup;
			children = (
				D7394FFD29ED8BC2000C4F78 /* Assets.xcassets */,
				D7394FFF29ED8BC2000C4F78 /* LaunchScreen.storyboard */,
				D739500229ED8BC2000C4F78 /* Info.plist */,
				9CCE7D142A2504130037209E /* LordyalApp.swift */,
			);
			path = Lordyal;
			sourceTree = "<group>";
		};
		D739500D29ED8DBD000C4F78 /* LordyalClip */ = {
			isa = PBXGroup;
			children = (
				D739501229ED8DBD000C4F78 /* ViewController.swift */,
				D739501729ED8DBF000C4F78 /* Assets.xcassets */,
				D739501929ED8DBF000C4F78 /* LaunchScreen.storyboard */,
				D739501C29ED8DBF000C4F78 /* Info.plist */,
				D739501D29ED8DBF000C4F78 /* LordyalClip.entitlements */,
				9CCE7D122A2503570037209E /* LordyalClipApp.swift */,
				E82A95F72ACAFEC8002F3A7D /* AppDelegate.swift */,
			);
			path = LordyalClip;
			sourceTree = "<group>";
		};
		E82A95FD2ACB9508002F3A7D /* Fonts */ = {
			isa = PBXGroup;
			children = (
				E82A96012ACB9517002F3A7D /* OpenSans-Bold.ttf */,
				E82A95FE2ACB9517002F3A7D /* OpenSans-Regular.ttf */,
				E82A95FF2ACB9517002F3A7D /* OpenSans-SemiBold.ttf */,
				E8F890862AD20EA5004BF6F0 /* OpenSans-ExtraBold.ttf */,
				E82A96002ACB9517002F3A7D /* SFUFuturaBold.ttf */,
			);
			path = Fonts;
			sourceTree = "<group>";
		};
		E82A960E2ACB9AFD002F3A7D /* UI */ = {
			isa = PBXGroup;
			children = (
				E82A960F2ACB9B10002F3A7D /* BackButton.swift */,
				E82A96122ACB9D1C002F3A7D /* RoundButton.swift */,
			);
			path = UI;
			sourceTree = "<group>";
		};
/* End PBXGroup section */

/* Begin PBXNativeTarget section */
		D7394FF029ED8BBD000C4F78 /* Lordyal */ = {
			isa = PBXNativeTarget;
			buildConfigurationList = D739500529ED8BC2000C4F78 /* Build configuration list for PBXNativeTarget "Lordyal" */;
			buildPhases = (
				D7394FED29ED8BBD000C4F78 /* Sources */,
				D7394FEE29ED8BBD000C4F78 /* Frameworks */,
				D7394FEF29ED8BBD000C4F78 /* Resources */,
				D739502429ED8DBF000C4F78 /* Embed App Clips */,
			);
			buildRules = (
			);
			dependencies = (
				9CB3550129F9741300326449 /* PBXTargetDependency */,
				D739501F29ED8DBF000C4F78 /* PBXTargetDependency */,
			);
			name = Lordyal;
			packageProductDependencies = (
				9CB354FC29F973DB00326449 /* SnapKit */,
				9C28BFCE2A3313B1000E5C34 /* PhoneNumberKit */,
			);
			productName = Lordyal;
			productReference = D7394FF129ED8BBD000C4F78 /* Lordyal.app */;
			productType = "com.apple.product-type.application";
		};
		D739500B29ED8DBD000C4F78 /* LordyalClip */ = {
			isa = PBXNativeTarget;
			buildConfigurationList = D739502129ED8DBF000C4F78 /* Build configuration list for PBXNativeTarget "LordyalClip" */;
			buildPhases = (
				D739500829ED8DBD000C4F78 /* Sources */,
				D739500929ED8DBD000C4F78 /* Frameworks */,
				D739500A29ED8DBD000C4F78 /* Resources */,
			);
			buildRules = (
			);
			dependencies = (
				9CB354FF29F9740900326449 /* PBXTargetDependency */,
			);
			name = LordyalClip;
			packageProductDependencies = (
				9CB3550329F975B200326449 /* SnapKit */,
				9C28BFD42A3313C8000E5C34 /* PhoneNumberKit */,
			);
			productName = LordyalClip;
			productReference = D739500C29ED8DBD000C4F78 /* LordyalClip.app */;
			productType = "com.apple.product-type.application.on-demand-install-capable";
		};
/* End PBXNativeTarget section */

/* Begin PBXProject section */
		D7394FE929ED8BBD000C4F78 /* Project object */ = {
			isa = PBXProject;
			attributes = {
				BuildIndependentTargetsInParallel = 1;
				LastSwiftUpdateCheck = 1400;
				LastUpgradeCheck = 1400;
				TargetAttributes = {
					D7394FF029ED8BBD000C4F78 = {
						CreatedOnToolsVersion = 14.0.1;
					};
					D739500B29ED8DBD000C4F78 = {
						CreatedOnToolsVersion = 14.0.1;
					};
				};
			};
			buildConfigurationList = D7394FEC29ED8BBD000C4F78 /* Build configuration list for PBXProject "Lordyal" */;
			compatibilityVersion = "Xcode 14.0";
			developmentRegion = en;
			hasScannedForEncodings = 0;
			knownRegions = (
				en,
				Base,
			);
			mainGroup = D7394FE829ED8BBD000C4F78;
			packageReferences = (
				9CB354FB29F973DB00326449 /* XCRemoteSwiftPackageReference "SnapKit" */,
				9C28BFCD2A3313B1000E5C34 /* XCRemoteSwiftPackageReference "PhoneNumberKit" */,
			);
			productRefGroup = D7394FF229ED8BBD000C4F78 /* Products */;
			projectDirPath = "";
			projectRoot = "";
			targets = (
				D7394FF029ED8BBD000C4F78 /* Lordyal */,
				D739500B29ED8DBD000C4F78 /* LordyalClip */,
			);
		};
/* End PBXProject section */

/* Begin PBXResourcesBuildPhase section */
		D7394FEF29ED8BBD000C4F78 /* Resources */ = {
			isa = PBXResourcesBuildPhase;
			buildActionMask = 2147483647;
			files = (
				E82A96022ACB9518002F3A7D /* OpenSans-Regular.ttf in Resources */,
				9CCE7D1B2A250A1B0037209E /* Colors.xcassets in Resources */,
				E8F890872AD20EA5004BF6F0 /* OpenSans-ExtraBold.ttf in Resources */,
				E82A96082ACB9518002F3A7D /* OpenSans-Bold.ttf in Resources */,
				D739500129ED8BC2000C4F78 /* LaunchScreen.storyboard in Resources */,
				9CDCE6472A27AD40004055D8 /* Icons.xcassets in Resources */,
				E82A96042ACB9518002F3A7D /* OpenSans-SemiBold.ttf in Resources */,
				E82A96062ACB9518002F3A7D /* SFUFuturaBold.ttf in Resources */,
				D7394FFE29ED8BC2000C4F78 /* Assets.xcassets in Resources */,
			);
			runOnlyForDeploymentPostprocessing = 0;
		};
		D739500A29ED8DBD000C4F78 /* Resources */ = {
			isa = PBXResourcesBuildPhase;
			buildActionMask = 2147483647;
			files = (
				E82A96032ACB9518002F3A7D /* OpenSans-Regular.ttf in Resources */,
				9CCE7D1F2A2511430037209E /* Colors.xcassets in Resources */,
				E8F890882AD20EA5004BF6F0 /* OpenSans-ExtraBold.ttf in Resources */,
				E82A96092ACB9518002F3A7D /* OpenSans-Bold.ttf in Resources */,
				D739501B29ED8DBF000C4F78 /* LaunchScreen.storyboard in Resources */,
				9CDCE6482A27AD40004055D8 /* Icons.xcassets in Resources */,
				E82A96052ACB9518002F3A7D /* OpenSans-SemiBold.ttf in Resources */,
				E82A96072ACB9518002F3A7D /* SFUFuturaBold.ttf in Resources */,
				D739501829ED8DBF000C4F78 /* Assets.xcassets in Resources */,
			);
			runOnlyForDeploymentPostprocessing = 0;
		};
/* End PBXResourcesBuildPhase section */

/* Begin PBXSourcesBuildPhase section */
		D7394FED29ED8BBD000C4F78 /* Sources */ = {
			isa = PBXSourcesBuildPhase;
			buildActionMask = 2147483647;
			files = (
				E82A96132ACB9D1C002F3A7D /* RoundButton.swift in Sources */,
				E82A95FB2ACB8FA3002F3A7D /* ViewController.swift in Sources */,
				9CCE7D152A2504130037209E /* LordyalApp.swift in Sources */,
				9CCE7D192A2505070037209E /* GetAppView.swift in Sources */,
				9CDCE63D2A27A35E004055D8 /* ScanBarCodeView.swift in Sources */,
				9C28BFD72A331900000E5C34 /* UserProfileInputViewModel.swift in Sources */,
				E8F8908D2AD3183E004BF6F0 /* AvailableRewardCardView.swift in Sources */,
				E8F375642AD48CC300A2A30E /* UserDefaultsManager.swift in Sources */,
				9C7369D12A323AC1001407ED /* UserProfileInputView.swift in Sources */,
				E82A96102ACB9B10002F3A7D /* BackButton.swift in Sources */,
				9CBFDFBE2A2CD4CD00ADB6B4 /* RedeemRewardView.swift in Sources */,
				9C86D69C2A3EFCB100C00728 /* ApplyingRewardsViewModel.swift in Sources */,
				9CC67C7F2A338DBC0091A3D8 /* DatePickerView.swift in Sources */,
				9C3CD55A2A52BC1800D66E6C /* APIService.swift in Sources */,
				9C97557529FADBDC0051EF1F /* UIColor+Extension.swift in Sources */,
				9C7369D42A323C4E001407ED /* GenderSelectionView.swift in Sources */,
				9CDCE6432A27A94E004055D8 /* ApplyingRewardItemView.swift in Sources */,
				E8F890842AD1B60C004BF6F0 /* InvocationURLModel.swift in Sources */,
				E8F890902AD3229B004BF6F0 /* AvailableRewardsView.swift in Sources */,
				9CCE7D1D2A250AF60037209E /* Color+Extension.swift in Sources */,
				E82A960B2ACB9684002F3A7D /* Font+Extension.swift in Sources */,
				E8F890932AD388F2004BF6F0 /* MerchantModel.swift in Sources */,
				9CDCE6402A27A88D004055D8 /* ApplyingRewardsView.swift in Sources */,
			);
			runOnlyForDeploymentPostprocessing = 0;
		};
		D739500829ED8DBD000C4F78 /* Sources */ = {
			isa = PBXSourcesBuildPhase;
			buildActionMask = 2147483647;
			files = (
				9CDCE63E2A27A35E004055D8 /* ScanBarCodeView.swift in Sources */,
				E8F890852AD1B60C004BF6F0 /* InvocationURLModel.swift in Sources */,
				9C21DFA22A55B9A9009C1C52 /* APIService.swift in Sources */,
				D739501329ED8DBD000C4F78 /* ViewController.swift in Sources */,
				E82A960C2ACB9684002F3A7D /* Font+Extension.swift in Sources */,
				E82A96142ACB9D1C002F3A7D /* RoundButton.swift in Sources */,
				9C28BFD82A331A37000E5C34 /* UserProfileInputViewModel.swift in Sources */,
				9CDCE6442A27A94E004055D8 /* ApplyingRewardItemView.swift in Sources */,
				9CCE7D1E2A2511320037209E /* GetAppView.swift in Sources */,
				9C7369D52A323C4E001407ED /* GenderSelectionView.swift in Sources */,
				9C7369D22A323AC1001407ED /* UserProfileInputView.swift in Sources */,
				E82A95F82ACAFEC8002F3A7D /* AppDelegate.swift in Sources */,
				9C86D69D2A3EFCB100C00728 /* ApplyingRewardsViewModel.swift in Sources */,
				E8F890912AD3229B004BF6F0 /* AvailableRewardsView.swift in Sources */,
				E8F375652AD48CC300A2A30E /* UserDefaultsManager.swift in Sources */,
				9CDCE6412A27A88D004055D8 /* ApplyingRewardsView.swift in Sources */,
				9CCE7D202A2511460037209E /* Color+Extension.swift in Sources */,
				E8F890942AD388F2004BF6F0 /* MerchantModel.swift in Sources */,
				9CC67C802A338DBC0091A3D8 /* DatePickerView.swift in Sources */,
				E8F8908E2AD3183E004BF6F0 /* AvailableRewardCardView.swift in Sources */,
				E82A96112ACB9B11002F3A7D /* BackButton.swift in Sources */,
				9CCE7D132A2503570037209E /* LordyalClipApp.swift in Sources */,
				9CBFDFBF2A2CD4CD00ADB6B4 /* RedeemRewardView.swift in Sources */,
				9C97557629FADBDC0051EF1F /* UIColor+Extension.swift in Sources */,
			);
			runOnlyForDeploymentPostprocessing = 0;
		};
/* End PBXSourcesBuildPhase section */

/* Begin PBXTargetDependency section */
		9CB354FF29F9740900326449 /* PBXTargetDependency */ = {
			isa = PBXTargetDependency;
			productRef = 9CB354FE29F9740900326449 /* SnapKit */;
		};
		9CB3550129F9741300326449 /* PBXTargetDependency */ = {
			isa = PBXTargetDependency;
			productRef = 9CB3550029F9741300326449 /* SnapKit */;
		};
		D739501F29ED8DBF000C4F78 /* PBXTargetDependency */ = {
			isa = PBXTargetDependency;
			target = D739500B29ED8DBD000C4F78 /* LordyalClip */;
			targetProxy = D739501E29ED8DBF000C4F78 /* PBXContainerItemProxy */;
		};
/* End PBXTargetDependency section */

/* Begin PBXVariantGroup section */
		D7394FFF29ED8BC2000C4F78 /* LaunchScreen.storyboard */ = {
			isa = PBXVariantGroup;
			children = (
				D739500029ED8BC2000C4F78 /* Base */,
			);
			name = LaunchScreen.storyboard;
			sourceTree = "<group>";
		};
		D739501929ED8DBF000C4F78 /* LaunchScreen.storyboard */ = {
			isa = PBXVariantGroup;
			children = (
				D739501A29ED8DBF000C4F78 /* Base */,
			);
			name = LaunchScreen.storyboard;
			sourceTree = "<group>";
		};
/* End PBXVariantGroup section */

/* Begin XCBuildConfiguration section */
		D739500329ED8BC2000C4F78 /* Debug */ = {
			isa = XCBuildConfiguration;
			buildSettings = {
				ALWAYS_SEARCH_USER_PATHS = NO;
				CLANG_ANALYZER_NONNULL = YES;
				CLANG_ANALYZER_NUMBER_OBJECT_CONVERSION = YES_AGGRESSIVE;
				CLANG_CXX_LANGUAGE_STANDARD = "gnu++20";
				CLANG_ENABLE_MODULES = YES;
				CLANG_ENABLE_OBJC_ARC = YES;
				CLANG_ENABLE_OBJC_WEAK = YES;
				CLANG_WARN_BLOCK_CAPTURE_AUTORELEASING = YES;
				CLANG_WARN_BOOL_CONVERSION = YES;
				CLANG_WARN_COMMA = YES;
				CLANG_WARN_CONSTANT_CONVERSION = YES;
				CLANG_WARN_DEPRECATED_OBJC_IMPLEMENTATIONS = YES;
				CLANG_WARN_DIRECT_OBJC_ISA_USAGE = YES_ERROR;
				CLANG_WARN_DOCUMENTATION_COMMENTS = YES;
				CLANG_WARN_EMPTY_BODY = YES;
				CLANG_WARN_ENUM_CONVERSION = YES;
				CLANG_WARN_INFINITE_RECURSION = YES;
				CLANG_WARN_INT_CONVERSION = YES;
				CLANG_WARN_NON_LITERAL_NULL_CONVERSION = YES;
				CLANG_WARN_OBJC_IMPLICIT_RETAIN_SELF = YES;
				CLANG_WARN_OBJC_LITERAL_CONVERSION = YES;
				CLANG_WARN_OBJC_ROOT_CLASS = YES_ERROR;
				CLANG_WARN_QUOTED_INCLUDE_IN_FRAMEWORK_HEADER = YES;
				CLANG_WARN_RANGE_LOOP_ANALYSIS = YES;
				CLANG_WARN_STRICT_PROTOTYPES = YES;
				CLANG_WARN_SUSPICIOUS_MOVE = YES;
				CLANG_WARN_UNGUARDED_AVAILABILITY = YES_AGGRESSIVE;
				CLANG_WARN_UNREACHABLE_CODE = YES;
				CLANG_WARN__DUPLICATE_METHOD_MATCH = YES;
				COPY_PHASE_STRIP = NO;
				DEBUG_INFORMATION_FORMAT = dwarf;
				ENABLE_STRICT_OBJC_MSGSEND = YES;
				ENABLE_TESTABILITY = YES;
				GCC_C_LANGUAGE_STANDARD = gnu11;
				GCC_DYNAMIC_NO_PIC = NO;
				GCC_NO_COMMON_BLOCKS = YES;
				GCC_OPTIMIZATION_LEVEL = 0;
				GCC_PREPROCESSOR_DEFINITIONS = (
					"DEBUG=1",
					"$(inherited)",
				);
				GCC_WARN_64_TO_32_BIT_CONVERSION = YES;
				GCC_WARN_ABOUT_RETURN_TYPE = YES_ERROR;
				GCC_WARN_UNDECLARED_SELECTOR = YES;
				GCC_WARN_UNINITIALIZED_AUTOS = YES_AGGRESSIVE;
				GCC_WARN_UNUSED_FUNCTION = YES;
				GCC_WARN_UNUSED_VARIABLE = YES;
				IPHONEOS_DEPLOYMENT_TARGET = 13.0;
				MTL_ENABLE_DEBUG_INFO = INCLUDE_SOURCE;
				MTL_FAST_MATH = YES;
				ONLY_ACTIVE_ARCH = YES;
				SDKROOT = iphoneos;
				SWIFT_ACTIVE_COMPILATION_CONDITIONS = "DEBUG APPCLIP";
				SWIFT_OPTIMIZATION_LEVEL = "-Onone";
			};
			name = Debug;
		};
		D739500429ED8BC2000C4F78 /* Release */ = {
			isa = XCBuildConfiguration;
			buildSettings = {
				ALWAYS_SEARCH_USER_PATHS = NO;
				CLANG_ANALYZER_NONNULL = YES;
				CLANG_ANALYZER_NUMBER_OBJECT_CONVERSION = YES_AGGRESSIVE;
				CLANG_CXX_LANGUAGE_STANDARD = "gnu++20";
				CLANG_ENABLE_MODULES = YES;
				CLANG_ENABLE_OBJC_ARC = YES;
				CLANG_ENABLE_OBJC_WEAK = YES;
				CLANG_WARN_BLOCK_CAPTURE_AUTORELEASING = YES;
				CLANG_WARN_BOOL_CONVERSION = YES;
				CLANG_WARN_COMMA = YES;
				CLANG_WARN_CONSTANT_CONVERSION = YES;
				CLANG_WARN_DEPRECATED_OBJC_IMPLEMENTATIONS = YES;
				CLANG_WARN_DIRECT_OBJC_ISA_USAGE = YES_ERROR;
				CLANG_WARN_DOCUMENTATION_COMMENTS = YES;
				CLANG_WARN_EMPTY_BODY = YES;
				CLANG_WARN_ENUM_CONVERSION = YES;
				CLANG_WARN_INFINITE_RECURSION = YES;
				CLANG_WARN_INT_CONVERSION = YES;
				CLANG_WARN_NON_LITERAL_NULL_CONVERSION = YES;
				CLANG_WARN_OBJC_IMPLICIT_RETAIN_SELF = YES;
				CLANG_WARN_OBJC_LITERAL_CONVERSION = YES;
				CLANG_WARN_OBJC_ROOT_CLASS = YES_ERROR;
				CLANG_WARN_QUOTED_INCLUDE_IN_FRAMEWORK_HEADER = YES;
				CLANG_WARN_RANGE_LOOP_ANALYSIS = YES;
				CLANG_WARN_STRICT_PROTOTYPES = YES;
				CLANG_WARN_SUSPICIOUS_MOVE = YES;
				CLANG_WARN_UNGUARDED_AVAILABILITY = YES_AGGRESSIVE;
				CLANG_WARN_UNREACHABLE_CODE = YES;
				CLANG_WARN__DUPLICATE_METHOD_MATCH = YES;
				COPY_PHASE_STRIP = NO;
				DEBUG_INFORMATION_FORMAT = "dwarf-with-dsym";
				ENABLE_NS_ASSERTIONS = NO;
				ENABLE_STRICT_OBJC_MSGSEND = YES;
				GCC_C_LANGUAGE_STANDARD = gnu11;
				GCC_NO_COMMON_BLOCKS = YES;
				GCC_WARN_64_TO_32_BIT_CONVERSION = YES;
				GCC_WARN_ABOUT_RETURN_TYPE = YES_ERROR;
				GCC_WARN_UNDECLARED_SELECTOR = YES;
				GCC_WARN_UNINITIALIZED_AUTOS = YES_AGGRESSIVE;
				GCC_WARN_UNUSED_FUNCTION = YES;
				GCC_WARN_UNUSED_VARIABLE = YES;
				IPHONEOS_DEPLOYMENT_TARGET = 13.0;
				MTL_ENABLE_DEBUG_INFO = NO;
				MTL_FAST_MATH = YES;
				SDKROOT = iphoneos;
				SWIFT_ACTIVE_COMPILATION_CONDITIONS = APPCLIP;
				SWIFT_COMPILATION_MODE = wholemodule;
				SWIFT_OPTIMIZATION_LEVEL = "-O";
				VALIDATE_PRODUCT = YES;
			};
			name = Release;
		};
		D739500629ED8BC2000C4F78 /* Debug */ = {
			isa = XCBuildConfiguration;
			buildSettings = {
				ALWAYS_EMBED_SWIFT_STANDARD_LIBRARIES = YES;
				ASSETCATALOG_COMPILER_APPICON_NAME = AppIcon;
				ASSETCATALOG_COMPILER_GLOBAL_ACCENT_COLOR_NAME = AccentColor;
				CODE_SIGN_IDENTITY = "Apple Development";
				"CODE_SIGN_IDENTITY[sdk=iphoneos*]" = "iPhone Distribution";
				CODE_SIGN_STYLE = Manual;
				CURRENT_PROJECT_VERSION = 1;
				DEVELOPMENT_TEAM = "";
				"DEVELOPMENT_TEAM[sdk=iphoneos*]" = YPN388FR66;
				GENERATE_INFOPLIST_FILE = YES;
				INFOPLIST_FILE = Lordyal/Info.plist;
				INFOPLIST_KEY_UIApplicationSupportsIndirectInputEvents = YES;
				INFOPLIST_KEY_UILaunchStoryboardName = LaunchScreen;
				INFOPLIST_KEY_UIMainStoryboardFile = "";
				INFOPLIST_KEY_UISupportedInterfaceOrientations = UIInterfaceOrientationPortrait;
				INFOPLIST_KEY_UISupportedInterfaceOrientations_iPad = "UIInterfaceOrientationPortrait UIInterfaceOrientationPortraitUpsideDown";
				IPHONEOS_DEPLOYMENT_TARGET = 16.0;
				LD_RUNPATH_SEARCH_PATHS = (
					"$(inherited)",
					"@executable_path/Frameworks",
				);
				MARKETING_VERSION = 1.0;
				PRODUCT_BUNDLE_IDENTIFIER = com.app.lordyal;
				PRODUCT_NAME = "$(TARGET_NAME)";
				PROVISIONING_PROFILE_SPECIFIER = "";
				"PROVISIONING_PROFILE_SPECIFIER[sdk=iphoneos*]" = pro_lordyal;
				SWIFT_EMIT_LOC_STRINGS = YES;
				SWIFT_VERSION = 5.0;
				TARGETED_DEVICE_FAMILY = "1,2";
			};
			name = Debug;
		};
		D739500729ED8BC2000C4F78 /* Release */ = {
			isa = XCBuildConfiguration;
			buildSettings = {
				ALWAYS_EMBED_SWIFT_STANDARD_LIBRARIES = YES;
				ASSETCATALOG_COMPILER_APPICON_NAME = AppIcon;
				ASSETCATALOG_COMPILER_GLOBAL_ACCENT_COLOR_NAME = AccentColor;
				"CODE_SIGN_IDENTITY[sdk=iphoneos*]" = "iPhone Distribution";
				CODE_SIGN_STYLE = Manual;
				CURRENT_PROJECT_VERSION = 1;
				DEVELOPMENT_TEAM = "";
				"DEVELOPMENT_TEAM[sdk=iphoneos*]" = YPN388FR66;
				GENERATE_INFOPLIST_FILE = YES;
				INFOPLIST_FILE = Lordyal/Info.plist;
				INFOPLIST_KEY_UIApplicationSupportsIndirectInputEvents = YES;
				INFOPLIST_KEY_UILaunchStoryboardName = LaunchScreen;
				INFOPLIST_KEY_UIMainStoryboardFile = "";
				INFOPLIST_KEY_UISupportedInterfaceOrientations = UIInterfaceOrientationPortrait;
				INFOPLIST_KEY_UISupportedInterfaceOrientations_iPad = "UIInterfaceOrientationPortrait UIInterfaceOrientationPortraitUpsideDown";
				IPHONEOS_DEPLOYMENT_TARGET = 16.0;
				LD_RUNPATH_SEARCH_PATHS = (
					"$(inherited)",
					"@executable_path/Frameworks",
				);
				MARKETING_VERSION = 1.0;
				PRODUCT_BUNDLE_IDENTIFIER = com.app.lordyal;
				PRODUCT_NAME = "$(TARGET_NAME)";
				PROVISIONING_PROFILE_SPECIFIER = "";
				"PROVISIONING_PROFILE_SPECIFIER[sdk=iphoneos*]" = pro_lordyal;
				SWIFT_EMIT_LOC_STRINGS = YES;
				SWIFT_VERSION = 5.0;
				TARGETED_DEVICE_FAMILY = "1,2";
			};
			name = Release;
		};
		D739502229ED8DBF000C4F78 /* Debug */ = {
			isa = XCBuildConfiguration;
			buildSettings = {
				ASSETCATALOG_COMPILER_APPICON_NAME = AppIcon;
				ASSETCATALOG_COMPILER_GLOBAL_ACCENT_COLOR_NAME = AccentColor;
				CODE_SIGN_ENTITLEMENTS = LordyalClip/LordyalClip.entitlements;
				CODE_SIGN_IDENTITY = "Apple Development";
				"CODE_SIGN_IDENTITY[sdk=iphoneos*]" = "iPhone Developer";
				CODE_SIGN_STYLE = Manual;
				CURRENT_PROJECT_VERSION = 1;
				DEVELOPMENT_TEAM = "";
				"DEVELOPMENT_TEAM[sdk=iphoneos*]" = YPN388FR66;
				GENERATE_INFOPLIST_FILE = YES;
				INFOPLIST_FILE = LordyalClip/Info.plist;
				INFOPLIST_KEY_CFBundleDisplayName = Lordyal;
				INFOPLIST_KEY_UIApplicationSupportsIndirectInputEvents = YES;
				INFOPLIST_KEY_UILaunchStoryboardName = LaunchScreen;
				INFOPLIST_KEY_UIMainStoryboardFile = "";
				INFOPLIST_KEY_UISupportedInterfaceOrientations = UIInterfaceOrientationPortrait;
				INFOPLIST_KEY_UISupportedInterfaceOrientations_iPad = "UIInterfaceOrientationPortrait UIInterfaceOrientationPortraitUpsideDown";
				IPHONEOS_DEPLOYMENT_TARGET = 16.0;
				LD_RUNPATH_SEARCH_PATHS = (
					"$(inherited)",
					"@executable_path/Frameworks",
				);
				MARKETING_VERSION = 1.0;
				PRODUCT_BUNDLE_IDENTIFIER = com.app.lordyal.Appclip;
				PRODUCT_NAME = "$(TARGET_NAME)";
				PROVISIONING_PROFILE_SPECIFIER = "";
				"PROVISIONING_PROFILE_SPECIFIER[sdk=iphoneos*]" = dev_lordyal_appclip;
				SWIFT_EMIT_LOC_STRINGS = YES;
				SWIFT_VERSION = 5.0;
				TARGETED_DEVICE_FAMILY = "1,2";
			};
			name = Debug;
		};
		D739502329ED8DBF000C4F78 /* Release */ = {
			isa = XCBuildConfiguration;
			buildSettings = {
				ASSETCATALOG_COMPILER_APPICON_NAME = AppIcon;
				ASSETCATALOG_COMPILER_GLOBAL_ACCENT_COLOR_NAME = AccentColor;
				CODE_SIGN_ENTITLEMENTS = LordyalClip/LordyalClip.entitlements;
				CODE_SIGN_IDENTITY = "Apple Development";
				"CODE_SIGN_IDENTITY[sdk=iphoneos*]" = "iPhone Developer";
				CODE_SIGN_STYLE = Manual;
				CURRENT_PROJECT_VERSION = 1;
				DEVELOPMENT_TEAM = "";
				"DEVELOPMENT_TEAM[sdk=iphoneos*]" = YPN388FR66;
				GENERATE_INFOPLIST_FILE = YES;
				INFOPLIST_FILE = LordyalClip/Info.plist;
				INFOPLIST_KEY_CFBundleDisplayName = Lordyal;
				INFOPLIST_KEY_UIApplicationSupportsIndirectInputEvents = YES;
				INFOPLIST_KEY_UILaunchStoryboardName = LaunchScreen;
				INFOPLIST_KEY_UIMainStoryboardFile = "";
				INFOPLIST_KEY_UISupportedInterfaceOrientations = UIInterfaceOrientationPortrait;
				INFOPLIST_KEY_UISupportedInterfaceOrientations_iPad = "UIInterfaceOrientationPortrait UIInterfaceOrientationPortraitUpsideDown";
				IPHONEOS_DEPLOYMENT_TARGET = 16.0;
				LD_RUNPATH_SEARCH_PATHS = (
					"$(inherited)",
					"@executable_path/Frameworks",
				);
				MARKETING_VERSION = 1.0;
				PRODUCT_BUNDLE_IDENTIFIER = com.app.lordyal.Appclip;
				PRODUCT_NAME = "$(TARGET_NAME)";
				PROVISIONING_PROFILE_SPECIFIER = "";
				"PROVISIONING_PROFILE_SPECIFIER[sdk=iphoneos*]" = dev_lordyal_appclip;
				SWIFT_EMIT_LOC_STRINGS = YES;
				SWIFT_VERSION = 5.0;
				TARGETED_DEVICE_FAMILY = "1,2";
			};
			name = Release;
		};
/* End XCBuildConfiguration section */

/* Begin XCConfigurationList section */
		D7394FEC29ED8BBD000C4F78 /* Build configuration list for PBXProject "Lordyal" */ = {
			isa = XCConfigurationList;
			buildConfigurations = (
				D739500329ED8BC2000C4F78 /* Debug */,
				D739500429ED8BC2000C4F78 /* Release */,
			);
			defaultConfigurationIsVisible = 0;
			defaultConfigurationName = Release;
		};
		D739500529ED8BC2000C4F78 /* Build configuration list for PBXNativeTarget "Lordyal" */ = {
			isa = XCConfigurationList;
			buildConfigurations = (
				D739500629ED8BC2000C4F78 /* Debug */,
				D739500729ED8BC2000C4F78 /* Release */,
			);
			defaultConfigurationIsVisible = 0;
			defaultConfigurationName = Release;
		};
		D739502129ED8DBF000C4F78 /* Build configuration list for PBXNativeTarget "LordyalClip" */ = {
			isa = XCConfigurationList;
			buildConfigurations = (
				D739502229ED8DBF000C4F78 /* Debug */,
				D739502329ED8DBF000C4F78 /* Release */,
			);
			defaultConfigurationIsVisible = 0;
			defaultConfigurationName = Release;
		};
/* End XCConfigurationList section */

/* Begin XCRemoteSwiftPackageReference section */
		9C28BFCD2A3313B1000E5C34 /* XCRemoteSwiftPackageReference "PhoneNumberKit" */ = {
			isa = XCRemoteSwiftPackageReference;
			repositoryURL = "https://github.com/marmelroy/PhoneNumberKit";
			requirement = {
				kind = upToNextMajorVersion;
				minimumVersion = 3.0.0;
			};
		};
		9CB354FB29F973DB00326449 /* XCRemoteSwiftPackageReference "SnapKit" */ = {
			isa = XCRemoteSwiftPackageReference;
			repositoryURL = "https://github.com/SnapKit/SnapKit";
			requirement = {
				kind = upToNextMajorVersion;
				minimumVersion = 5.0.0;
			};
		};
/* End XCRemoteSwiftPackageReference section */

/* Begin XCSwiftPackageProductDependency section */
		9C28BFCE2A3313B1000E5C34 /* PhoneNumberKit */ = {
			isa = XCSwiftPackageProductDependency;
			package = 9C28BFCD2A3313B1000E5C34 /* XCRemoteSwiftPackageReference "PhoneNumberKit" */;
			productName = PhoneNumberKit;
		};
		9C28BFD42A3313C8000E5C34 /* PhoneNumberKit */ = {
			isa = XCSwiftPackageProductDependency;
			package = 9C28BFCD2A3313B1000E5C34 /* XCRemoteSwiftPackageReference "PhoneNumberKit" */;
			productName = PhoneNumberKit;
		};
		9CB354FC29F973DB00326449 /* SnapKit */ = {
			isa = XCSwiftPackageProductDependency;
			package = 9CB354FB29F973DB00326449 /* XCRemoteSwiftPackageReference "SnapKit" */;
			productName = SnapKit;
		};
		9CB354FE29F9740900326449 /* SnapKit */ = {
			isa = XCSwiftPackageProductDependency;
			package = 9CB354FB29F973DB00326449 /* XCRemoteSwiftPackageReference "SnapKit" */;
			productName = SnapKit;
		};
		9CB3550029F9741300326449 /* SnapKit */ = {
			isa = XCSwiftPackageProductDependency;
			package = 9CB354FB29F973DB00326449 /* XCRemoteSwiftPackageReference "SnapKit" */;
			productName = SnapKit;
		};
		9CB3550329F975B200326449 /* SnapKit */ = {
			isa = XCSwiftPackageProductDependency;
			package = 9CB354FB29F973DB00326449 /* XCRemoteSwiftPackageReference "SnapKit" */;
			productName = SnapKit;
		};
/* End XCSwiftPackageProductDependency section */
	};
	rootObject = D7394FE929ED8BBD000C4F78 /* Project object */;
}
